// !$*UTF8*$!
{
	archiveVersion = 1;
	classes = {
	};
	objectVersion = 50;
	objects = {

/* Begin PBXBuildFile section */
		21FB07CC22D4A63800B4449E /* main.m in Sources */ = {isa = PBXBuildFile; fileRef = 21FB07CB22D4A63800B4449E /* main.m */; };
		21FB07D422D4A64F00B4449E /* YZPerson.m in Sources */ = {isa = PBXBuildFile; fileRef = 21FB07D322D4A64F00B4449E /* YZPerson.m */; };
		21FB07D722D4A67100B4449E /* YZPerson+Ext.m in Sources */ = {isa = PBXBuildFile; fileRef = 21FB07D622D4A67100B4449E /* YZPerson+Ext.m */; };
/* End PBXBuildFile section */

/* Begin PBXCopyFilesBuildPhase section */
		21FB07C622D4A63800B4449E /* CopyFiles */ = {
			isa = PBXCopyFilesBuildPhase;
			buildActionMask = 2147483647;
			dstPath = /usr/share/man/man1/;
			dstSubfolderSpec = 0;
			files = (
			);
			runOnlyForDeploymentPostprocessing = 1;
		};
/* End PBXCopyFilesBuildPhase section */

/* Begin PBXFileReference section */
		21FB07C822D4A63800B4449E /* iOS-关联对象 */ = {isa = PBXFileReference; explicitFileType = "compiled.mach-o.executable"; includeInIndex = 0; path = "iOS-关联对象"; sourceTree = BUILT_PRODUCTS_DIR; };
		21FB07CB22D4A63800B4449E /* main.m */ = {isa = PBXFileReference; lastKnownFileType = sourcecode.c.objc; path = main.m; sourceTree = "<group>"; };
		21FB07D222D4A64F00B4449E /* YZPerson.h */ = {isa = PBXFileReference; lastKnownFileType = sourcecode.c.h; path = YZPerson.h; sourceTree = "<group>"; };
		21FB07D322D4A64F00B4449E /* YZPerson.m */ = {isa = PBXFileReference; lastKnownFileType = sourcecode.c.objc; path = YZPerson.m; sourceTree = "<group>"; };
		21FB07D522D4A67100B4449E /* YZPerson+Ext.h */ = {isa = PBXFileReference; lastKnownFileType = sourcecode.c.h; path = "YZPerson+Ext.h"; sourceTree = "<group>"; };
		21FB07D622D4A67100B4449E /* YZPerson+Ext.m */ = {isa = PBXFileReference; lastKnownFileType = sourcecode.c.objc; path = "YZPerson+Ext.m"; sourceTree = "<group>"; };
/* End PBXFileReference section */

/* Begin PBXFrameworksBuildPhase section */
		21FB07C522D4A63800B4449E /* Frameworks */ = {
			isa = PBXFrameworksBuildPhase;
			buildActionMask = 2147483647;
			files = (
			);
			runOnlyForDeploymentPostprocessing = 0;
		};
/* End PBXFrameworksBuildPhase section */

/* Begin PBXGroup section */
		21FB07BF22D4A63800B4449E = {
			isa = PBXGroup;
			children = (
				21FB07CA22D4A63800B4449E /* iOS-关联对象 */,
				21FB07C922D4A63800B4449E /* Products */,
			);
			sourceTree = "<group>";
		};
		21FB07C922D4A63800B4449E /* Products */ = {
			isa = PBXGroup;
			children = (
				21FB07C822D4A63800B4449E /* iOS-关联对象 */,
			);
			name = Products;
			sourceTree = "<group>";
		};
		21FB07CA22D4A63800B4449E /* iOS-关联对象 */ = {
			isa = PBXGroup;
			children = (
				21FB07CB22D4A63800B4449E /* main.m */,
				21FB07D522D4A67100B4449E /* YZPerson+Ext.h */,
				21FB07D622D4A67100B4449E /* YZPerson+Ext.m */,
				21FB07D222D4A64F00B4449E /* YZPerson.h */,
				21FB07D322D4A64F00B4449E /* YZPerson.m */,
			);
			path = "iOS-关联对象";
			sourceTree = "<group>";
		};
/* End PBXGroup section */

/* Begin PBXNativeTarget section */
		21FB07C722D4A63800B4449E /* iOS-关联对象 */ = {
			isa = PBXNativeTarget;
			buildConfigurationList = 21FB07CF22D4A63800B4449E /* Build configuration list for PBXNativeTarget "iOS-关联对象" */;
			buildPhases = (
				21FB07C422D4A63800B4449E /* Sources */,
				21FB07C522D4A63800B4449E /* Frameworks */,
				21FB07C622D4A63800B4449E /* CopyFiles */,
			);
			buildRules = (
			);
			dependencies = (
			);
			name = "iOS-关联对象";
			productName = "iOS-关联对象";
			productReference = 21FB07C822D4A63800B4449E /* iOS-关联对象 */;
			productType = "com.apple.product-type.tool";
		};
/* End PBXNativeTarget section */

/* Begin PBXProject section */
		21FB07C022D4A63800B4449E /* Project object */ = {
			isa = PBXProject;
			attributes = {
				LastUpgradeCheck = 1020;
				ORGANIZATIONNAME = yongzhen;
				TargetAttributes = {
					21FB07C722D4A63800B4449E = {
						CreatedOnToolsVersion = 10.2.1;
					};
				};
			};
			buildConfigurationList = 21FB07C322D4A63800B4449E /* Build configuration list for PBXProject "iOS-关联对象" */;
			compatibilityVersion = "Xcode 9.3";
			developmentRegion = en;
			hasScannedForEncodings = 0;
			knownRegions = (
				en,
			);
			mainGroup = 21FB07BF22D4A63800B4449E;
			productRefGroup = 21FB07C922D4A63800B4449E /* Products */;
			projectDirPath = "";
			projectRoot = "";
			targets = (
				21FB07C722D4A63800B4449E /* iOS-关联对象 */,
			);
		};
/* End PBXProject section */

/* Begin PBXSourcesBuildPhase section */
		21FB07C422D4A63800B4449E /* Sources */ = {
			isa = PBXSourcesBuildPhase;
			buildActionMask = 2147483647;
			files = (
				21FB07CC22D4A63800B4449E /* main.m in Sources */,
				21FB07D722D4A67100B4449E /* YZPerson+Ext.m in Sources */,
				21FB07D422D4A64F00B4449E /* YZPerson.m in Sources */,
			);
			runOnlyForDeploymentPostprocessing = 0;
		};
/* End PBXSourcesBuildPhase section */

/* Begin XCBuildConfiguration section */
		21FB07CD22D4A63800B4449E /* Debug */ = {
			isa = XCBuildConfiguration;
			buildSettings = {
				ALWAYS_SEARCH_USER_PATHS = NO;
				CLANG_ANALYZER_NONNULL = YES;
				CLANG_ANALYZER_NUMBER_OBJECT_CONVERSION = YES_AGGRESSIVE;
				CLANG_CXX_LANGUAGE_STANDARD = "gnu++14";
				CLANG_CXX_LIBRARY = "libc++";
				CLANG_ENABLE_MODULES = YES;
				CLANG_ENABLE_OBJC_ARC = YES;
				CLANG_ENABLE_OBJC_WEAK = YES;
				CLANG_WARN_BLOCK_CAPTURE_AUTORELEASING = YES;
				CLANG_WARN_BOOL_CONVERSION = YES;
				CLANG_WARN_COMMA = YES;
				CLANG_WARN_CONSTANT_CONVERSION = YES;
				CLANG_WARN_DEPRECATED_OBJC_IMPLEMENTATIONS = YES;
				CLANG_WARN_DIRECT_OBJC_ISA_USAGE = YES_ERROR;
				CLANG_WARN_DOCUMENTATION_COMMENTS = YES;
				CLANG_WARN_EMPTY_BODY = YES;
				CLANG_WARN_ENUM_CONVERSION = YES;
				CLANG_WARN_INFINITE_RECURSION = YES;
				CLANG_WARN_INT_CONVERSION = YES;
				CLANG_WARN_NON_LITERAL_NULL_CONVERSION = YES;
				CLANG_WARN_OBJC_IMPLICIT_RETAIN_SELF = YES;
				CLANG_WARN_OBJC_LITERAL_CONVERSION = YES;
				CLANG_WARN_OBJC_ROOT_CLASS = YES_ERROR;
				CLANG_WARN_RANGE_LOOP_ANALYSIS = YES;
				CLANG_WARN_STRICT_PROTOTYPES = YES;
				CLANG_WARN_SUSPICIOUS_MOVE = YES;
				CLANG_WARN_UNGUARDED_AVAILABILITY = YES_AGGRESSIVE;
				CLANG_WARN_UNREACHABLE_CODE = YES;
				CLANG_WARN__DUPLICATE_METHOD_MATCH = YES;
				CODE_SIGN_IDENTITY = "-";
				COPY_PHASE_STRIP = NO;
				DEBUG_INFORMATION_FORMAT = dwarf;
				ENABLE_STRICT_OBJC_MSGSEND = YES;
				ENABLE_TESTABILITY = YES;
				GCC_C_LANGUAGE_STANDARD = gnu11;
				GCC_DYNAMIC_NO_PIC = NO;
				GCC_NO_COMMON_BLOCKS = YES;
				GCC_OPTIMIZATION_LEVEL = 0;
				GCC_PREPROCESSOR_DEFINITIONS = (
					"DEBUG=1",
					"$(inherited)",
				);
				GCC_WARN_64_TO_32_BIT_CONVERSION = YES;
				GCC_WARN_ABOUT_RETURN_TYPE = YES_ERROR;
				GCC_WARN_UNDECLARED_SELECTOR = YES;
				GCC_WARN_UNINITIALIZED_AUTOS = YES_AGGRESSIVE;
				GCC_WARN_UNUSED_FUNCTION = YES;
				GCC_WARN_UNUSED_VARIABLE = YES;
				MACOSX_DEPLOYMENT_TARGET = 10.15;
				MTL_ENABLE_DEBUG_INFO = INCLUDE_SOURCE;
				MTL_FAST_MATH = YES;
				ONLY_ACTIVE_ARCH = YES;
				SDKROOT = macosx;
			};
			name = Debug;
		};
		21FB07CE22D4A63800B4449E /* Release */ = {
			isa = XCBuildConfiguration;
			buildSettings = {
				ALWAYS_SEARCH_USER_PATHS = NO;
				CLANG_ANALYZER_NONNULL = YES;
				CLANG_ANALYZER_NUMBER_OBJECT_CONVERSION = YES_AGGRESSIVE;
				CLANG_CXX_LANGUAGE_STANDARD = "gnu++14";
				CLANG_CXX_LIBRARY = "libc++";
				CLANG_ENABLE_MODULES = YES;
				CLANG_ENABLE_OBJC_ARC = YES;
				CLANG_ENABLE_OBJC_WEAK = YES;
				CLANG_WARN_BLOCK_CAPTURE_AUTORELEASING = YES;
				CLANG_WARN_BOOL_CONVERSION = YES;
				CLANG_WARN_COMMA = YES;
				CLANG_WARN_CONSTANT_CONVERSION = YES;
				CLANG_WARN_DEPRECATED_OBJC_IMPLEMENTATIONS = YES;
				CLANG_WARN_DIRECT_OBJC_ISA_USAGE = YES_ERROR;
				CLANG_WARN_DOCUMENTATION_COMMENTS = YES;
				CLANG_WARN_EMPTY_BODY = YES;
				CLANG_WARN_ENUM_CONVERSION = YES;
				CLANG_WARN_INFINITE_RECURSION = YES;
				CLANG_WARN_INT_CONVERSION = YES;
				CLANG_WARN_NON_LITERAL_NULL_CONVERSION = YES;
				CLANG_WARN_OBJC_IMPLICIT_RETAIN_SELF = YES;
				CLANG_WARN_OBJC_LITERAL_CONVERSION = YES;
				CLANG_WARN_OBJC_ROOT_CLASS = YES_ERROR;
				CLANG_WARN_RANGE_LOOP_ANALYSIS = YES;
				CLANG_WARN_STRICT_PROTOTYPES = YES;
				CLANG_WARN_SUSPICIOUS_MOVE = YES;
				CLANG_WARN_UNGUARDED_AVAILABILITY = YES_AGGRESSIVE;
				CLANG_WARN_UNREACHABLE_CODE = YES;
				CLANG_WARN__DUPLICATE_METHOD_MATCH = YES;
				CODE_SIGN_IDENTITY = "-";
				COPY_PHASE_STRIP = NO;
				DEBUG_INFORMATION_FORMAT = "dwarf-with-dsym";
				ENABLE_NS_ASSERTIONS = NO;
				ENABLE_STRICT_OBJC_MSGSEND = YES;
				GCC_C_LANGUAGE_STANDARD = gnu11;
				GCC_NO_COMMON_BLOCKS = YES;
				GCC_WARN_64_TO_32_BIT_CONVERSION = YES;
				GCC_WARN_ABOUT_RETURN_TYPE = YES_ERROR;
				GCC_WARN_UNDECLARED_SELECTOR = YES;
				GCC_WARN_UNINITIALIZED_AUTOS = YES_AGGRESSIVE;
				GCC_WARN_UNUSED_FUNCTION = YES;
				GCC_WARN_UNUSED_VARIABLE = YES;
				MACOSX_DEPLOYMENT_TARGET = 10.15;
				MTL_ENABLE_DEBUG_INFO = NO;
				MTL_FAST_MATH = YES;
				SDKROOT = macosx;
			};
			name = Release;
		};
		21FB07D022D4A63800B4449E /* Debug */ = {
			isa = XCBuildConfiguration;
			buildSettings = {
				CODE_SIGN_STYLE = Automatic;
				PRODUCT_NAME = "$(TARGET_NAME)";
			};
			name = Debug;
		};
		21FB07D122D4A63800B4449E /* Release */ = {
			isa = XCBuildConfiguration;
			buildSettings = {
				CODE_SIGN_STYLE = Automatic;
				PRODUCT_NAME = "$(TARGET_NAME)";
			};
			name = Release;
		};
/* End XCBuildConfiguration section */

/* Begin XCConfigurationList section */
		21FB07C322D4A63800B4449E /* Build configuration list for PBXProject "iOS-关联对象" */ = {
			isa = XCConfigurationList;
			buildConfigurations = (
				21FB07CD22D4A63800B4449E /* Debug */,
				21FB07CE22D4A63800B4449E /* Release */,
			);
			defaultConfigurationIsVisible = 0;
			defaultConfigurationName = Release;
		};
		21FB07CF22D4A63800B4449E /* Build configuration list for PBXNativeTarget "iOS-关联对象" */ = {
			isa = XCConfigurationList;
			buildConfigurations = (
				21FB07D022D4A63800B4449E /* Debug */,
				21FB07D122D4A63800B4449E /* Release */,
			);
			defaultConfigurationIsVisible = 0;
			defaultConfigurationName = Release;
		};
/* End XCConfigurationList section */
	};
	rootObject = 21FB07C022D4A63800B4449E /* Project object */;
}
