// !$*UTF8*$!
{
	archiveVersion = 1;
	classes = {
	};
	objectVersion = 50;
	objects = {

/* Begin PBXBuildFile section */
		218D5C3722DB029400598ED6 /* AppDelegate.m in Sources */ = {isa = PBXBuildFile; fileRef = 218D5C3622DB029400598ED6 /* AppDelegate.m */; };
		218D5C3A22DB029400598ED6 /* ViewController.m in Sources */ = {isa = PBXBuildFile; fileRef = 218D5C3922DB029400598ED6 /* ViewController.m */; };
		218D5C3D22DB029400598ED6 /* Main.storyboard in Resources */ = {isa = PBXBuildFile; fileRef = 218D5C3B22DB029400598ED6 /* Main.storyboard */; };
		218D5C3F22DB029800598ED6 /* Assets.xcassets in Resources */ = {isa = PBXBuildFile; fileRef = 218D5C3E22DB029800598ED6 /* Assets.xcassets */; };
		218D5C4222DB029800598ED6 /* LaunchScreen.storyboard in Resources */ = {isa = PBXBuildFile; fileRef = 218D5C4022DB029800598ED6 /* LaunchScreen.storyboard */; };
		218D5C4522DB029800598ED6 /* main.m in Sources */ = {isa = PBXBuildFile; fileRef = 218D5C4422DB029800598ED6 /* main.m */; };
/* End PBXBuildFile section */

/* Begin PBXFileReference section */
		218D5C3222DB029400598ED6 /* iOS-BlockDemo.app */ = {isa = PBXFileReference; explicitFileType = wrapper.application; includeInIndex = 0; path = "iOS-BlockDemo.app"; sourceTree = BUILT_PRODUCTS_DIR; };
		218D5C3522DB029400598ED6 /* AppDelegate.h */ = {isa = PBXFileReference; lastKnownFileType = sourcecode.c.h; path = AppDelegate.h; sourceTree = "<group>"; };
		218D5C3622DB029400598ED6 /* AppDelegate.m */ = {isa = PBXFileReference; lastKnownFileType = sourcecode.c.objc; path = AppDelegate.m; sourceTree = "<group>"; };
		218D5C3822DB029400598ED6 /* ViewController.h */ = {isa = PBXFileReference; lastKnownFileType = sourcecode.c.h; path = ViewController.h; sourceTree = "<group>"; };
		218D5C3922DB029400598ED6 /* ViewController.m */ = {isa = PBXFileReference; lastKnownFileType = sourcecode.c.objc; path = ViewController.m; sourceTree = "<group>"; };
		218D5C3C22DB029400598ED6 /* Base */ = {isa = PBXFileReference; lastKnownFileType = file.storyboard; name = Base; path = Base.lproj/Main.storyboard; sourceTree = "<group>"; };
		218D5C3E22DB029800598ED6 /* Assets.xcassets */ = {isa = PBXFileReference; lastKnownFileType = folder.assetcatalog; path = Assets.xcassets; sourceTree = "<group>"; };
		218D5C4122DB029800598ED6 /* Base */ = {isa = PBXFileReference; lastKnownFileType = file.storyboard; name = Base; path = Base.lproj/LaunchScreen.storyboard; sourceTree = "<group>"; };
		218D5C4322DB029800598ED6 /* Info.plist */ = {isa = PBXFileReference; lastKnownFileType = text.plist.xml; path = Info.plist; sourceTree = "<group>"; };
		218D5C4422DB029800598ED6 /* main.m */ = {isa = PBXFileReference; lastKnownFileType = sourcecode.c.objc; path = main.m; sourceTree = "<group>"; };
/* End PBXFileReference section */

/* Begin PBXFrameworksBuildPhase section */
		218D5C2F22DB029400598ED6 /* Frameworks */ = {
			isa = PBXFrameworksBuildPhase;
			buildActionMask = 2147483647;
			files = (
			);
			runOnlyForDeploymentPostprocessing = 0;
		};
/* End PBXFrameworksBuildPhase section */

/* Begin PBXGroup section */
		218D5C2922DB029400598ED6 = {
			isa = PBXGroup;
			children = (
				218D5C3422DB029400598ED6 /* iOS-BlockDemo */,
				218D5C3322DB029400598ED6 /* Products */,
			);
			sourceTree = "<group>";
		};
		218D5C3322DB029400598ED6 /* Products */ = {
			isa = PBXGroup;
			children = (
				218D5C3222DB029400598ED6 /* iOS-BlockDemo.app */,
			);
			name = Products;
			sourceTree = "<group>";
		};
		218D5C3422DB029400598ED6 /* iOS-BlockDemo */ = {
			isa = PBXGroup;
			children = (
				218D5C3522DB029400598ED6 /* AppDelegate.h */,
				218D5C3622DB029400598ED6 /* AppDelegate.m */,
				218D5C3822DB029400598ED6 /* ViewController.h */,
				218D5C3922DB029400598ED6 /* ViewController.m */,
				218D5C3B22DB029400598ED6 /* Main.storyboard */,
				218D5C3E22DB029800598ED6 /* Assets.xcassets */,
				218D5C4022DB029800598ED6 /* LaunchScreen.storyboard */,
				218D5C4322DB029800598ED6 /* Info.plist */,
				218D5C4422DB029800598ED6 /* main.m */,
			);
			path = "iOS-BlockDemo";
			sourceTree = "<group>";
		};
/* End PBXGroup section */

/* Begin PBXNativeTarget section */
		218D5C3122DB029400598ED6 /* iOS-BlockDemo */ = {
			isa = PBXNativeTarget;
			buildConfigurationList = 218D5C4822DB029800598ED6 /* Build configuration list for PBXNativeTarget "iOS-BlockDemo" */;
			buildPhases = (
				218D5C2E22DB029400598ED6 /* Sources */,
				218D5C2F22DB029400598ED6 /* Frameworks */,
				218D5C3022DB029400598ED6 /* Resources */,
			);
			buildRules = (
			);
			dependencies = (
			);
			name = "iOS-BlockDemo";
			productName = "iOS-BlockDemo";
			productReference = 218D5C3222DB029400598ED6 /* iOS-BlockDemo.app */;
			productType = "com.apple.product-type.application";
		};
/* End PBXNativeTarget section */

/* Begin PBXProject section */
		218D5C2A22DB029400598ED6 /* Project object */ = {
			isa = PBXProject;
			attributes = {
				LastUpgradeCheck = 1020;
				ORGANIZATIONNAME = yongzhen;
				TargetAttributes = {
					218D5C3122DB029400598ED6 = {
						CreatedOnToolsVersion = 10.2.1;
					};
				};
			};
			buildConfigurationList = 218D5C2D22DB029400598ED6 /* Build configuration list for PBXProject "iOS-BlockDemo" */;
			compatibilityVersion = "Xcode 9.3";
			developmentRegion = en;
			hasScannedForEncodings = 0;
			knownRegions = (
				en,
				Base,
			);
			mainGroup = 218D5C2922DB029400598ED6;
			productRefGroup = 218D5C3322DB029400598ED6 /* Products */;
			projectDirPath = "";
			projectRoot = "";
			targets = (
				218D5C3122DB029400598ED6 /* iOS-BlockDemo */,
			);
		};
/* End PBXProject section */

/* Begin PBXResourcesBuildPhase section */
		218D5C3022DB029400598ED6 /* Resources */ = {
			isa = PBXResourcesBuildPhase;
			buildActionMask = 2147483647;
			files = (
				218D5C4222DB029800598ED6 /* LaunchScreen.storyboard in Resources */,
				218D5C3F22DB029800598ED6 /* Assets.xcassets in Resources */,
				218D5C3D22DB029400598ED6 /* Main.storyboard in Resources */,
			);
			runOnlyForDeploymentPostprocessing = 0;
		};
/* End PBXResourcesBuildPhase section */

/* Begin PBXSourcesBuildPhase section */
		218D5C2E22DB029400598ED6 /* Sources */ = {
			isa = PBXSourcesBuildPhase;
			buildActionMask = 2147483647;
			files = (
				218D5C3A22DB029400598ED6 /* ViewController.m in Sources */,
				218D5C4522DB029800598ED6 /* main.m in Sources */,
				218D5C3722DB029400598ED6 /* AppDelegate.m in Sources */,
			);
			runOnlyForDeploymentPostprocessing = 0;
		};
/* End PBXSourcesBuildPhase section */

/* Begin PBXVariantGroup section */
		218D5C3B22DB029400598ED6 /* Main.storyboard */ = {
			isa = PBXVariantGroup;
			children = (
				218D5C3C22DB029400598ED6 /* Base */,
			);
			name = Main.storyboard;
			sourceTree = "<group>";
		};
		218D5C4022DB029800598ED6 /* LaunchScreen.storyboard */ = {
			isa = PBXVariantGroup;
			children = (
				218D5C4122DB029800598ED6 /* Base */,
			);
			name = LaunchScreen.storyboard;
			sourceTree = "<group>";
		};
/* End PBXVariantGroup section */

/* Begin XCBuildConfiguration section */
		218D5C4622DB029800598ED6 /* Debug */ = {
			isa = XCBuildConfiguration;
			buildSettings = {
				ALWAYS_SEARCH_USER_PATHS = NO;
				CLANG_ANALYZER_NONNULL = YES;
				CLANG_ANALYZER_NUMBER_OBJECT_CONVERSION = YES_AGGRESSIVE;
				CLANG_CXX_LANGUAGE_STANDARD = "gnu++14";
				CLANG_CXX_LIBRARY = "libc++";
				CLANG_ENABLE_MODULES = YES;
				CLANG_ENABLE_OBJC_ARC = YES;
				CLANG_ENABLE_OBJC_WEAK = YES;
				CLANG_WARN_BLOCK_CAPTURE_AUTORELEASING = YES;
				CLANG_WARN_BOOL_CONVERSION = YES;
				CLANG_WARN_COMMA = YES;
				CLANG_WARN_CONSTANT_CONVERSION = YES;
				CLANG_WARN_DEPRECATED_OBJC_IMPLEMENTATIONS = YES;
				CLANG_WARN_DIRECT_OBJC_ISA_USAGE = YES_ERROR;
				CLANG_WARN_DOCUMENTATION_COMMENTS = YES;
				CLANG_WARN_EMPTY_BODY = YES;
				CLANG_WARN_ENUM_CONVERSION = YES;
				CLANG_WARN_INFINITE_RECURSION = YES;
				CLANG_WARN_INT_CONVERSION = YES;
				CLANG_WARN_NON_LITERAL_NULL_CONVERSION = YES;
				CLANG_WARN_OBJC_IMPLICIT_RETAIN_SELF = YES;
				CLANG_WARN_OBJC_LITERAL_CONVERSION = YES;
				CLANG_WARN_OBJC_ROOT_CLASS = YES_ERROR;
				CLANG_WARN_RANGE_LOOP_ANALYSIS = YES;
				CLANG_WARN_STRICT_PROTOTYPES = YES;
				CLANG_WARN_SUSPICIOUS_MOVE = YES;
				CLANG_WARN_UNGUARDED_AVAILABILITY = YES_AGGRESSIVE;
				CLANG_WARN_UNREACHABLE_CODE = YES;
				CLANG_WARN__DUPLICATE_METHOD_MATCH = YES;
				CODE_SIGN_IDENTITY = "iPhone Developer";
				COPY_PHASE_STRIP = NO;
				DEBUG_INFORMATION_FORMAT = dwarf;
				ENABLE_STRICT_OBJC_MSGSEND = YES;
				ENABLE_TESTABILITY = YES;
				GCC_C_LANGUAGE_STANDARD = gnu11;
				GCC_DYNAMIC_NO_PIC = NO;
				GCC_NO_COMMON_BLOCKS = YES;
				GCC_OPTIMIZATION_LEVEL = 0;
				GCC_PREPROCESSOR_DEFINITIONS = (
					"DEBUG=1",
					"$(inherited)",
				);
				GCC_WARN_64_TO_32_BIT_CONVERSION = YES;
				GCC_WARN_ABOUT_RETURN_TYPE = YES_ERROR;
				GCC_WARN_UNDECLARED_SELECTOR = YES;
				GCC_WARN_UNINITIALIZED_AUTOS = YES_AGGRESSIVE;
				GCC_WARN_UNUSED_FUNCTION = YES;
				GCC_WARN_UNUSED_VARIABLE = YES;
				IPHONEOS_DEPLOYMENT_TARGET = 12.2;
				MTL_ENABLE_DEBUG_INFO = INCLUDE_SOURCE;
				MTL_FAST_MATH = YES;
				ONLY_ACTIVE_ARCH = YES;
				SDKROOT = iphoneos;
			};
			name = Debug;
		};
		218D5C4722DB029800598ED6 /* Release */ = {
			isa = XCBuildConfiguration;
			buildSettings = {
				ALWAYS_SEARCH_USER_PATHS = NO;
				CLANG_ANALYZER_NONNULL = YES;
				CLANG_ANALYZER_NUMBER_OBJECT_CONVERSION = YES_AGGRESSIVE;
				CLANG_CXX_LANGUAGE_STANDARD = "gnu++14";
				CLANG_CXX_LIBRARY = "libc++";
				CLANG_ENABLE_MODULES = YES;
				CLANG_ENABLE_OBJC_ARC = YES;
				CLANG_ENABLE_OBJC_WEAK = YES;
				CLANG_WARN_BLOCK_CAPTURE_AUTORELEASING = YES;
				CLANG_WARN_BOOL_CONVERSION = YES;
				CLANG_WARN_COMMA = YES;
				CLANG_WARN_CONSTANT_CONVERSION = YES;
				CLANG_WARN_DEPRECATED_OBJC_IMPLEMENTATIONS = YES;
				CLANG_WARN_DIRECT_OBJC_ISA_USAGE = YES_ERROR;
				CLANG_WARN_DOCUMENTATION_COMMENTS = YES;
				CLANG_WARN_EMPTY_BODY = YES;
				CLANG_WARN_ENUM_CONVERSION = YES;
				CLANG_WARN_INFINITE_RECURSION = YES;
				CLANG_WARN_INT_CONVERSION = YES;
				CLANG_WARN_NON_LITERAL_NULL_CONVERSION = YES;
				CLANG_WARN_OBJC_IMPLICIT_RETAIN_SELF = YES;
				CLANG_WARN_OBJC_LITERAL_CONVERSION = YES;
				CLANG_WARN_OBJC_ROOT_CLASS = YES_ERROR;
				CLANG_WARN_RANGE_LOOP_ANALYSIS = YES;
				CLANG_WARN_STRICT_PROTOTYPES = YES;
				CLANG_WARN_SUSPICIOUS_MOVE = YES;
				CLANG_WARN_UNGUARDED_AVAILABILITY = YES_AGGRESSIVE;
				CLANG_WARN_UNREACHABLE_CODE = YES;
				CLANG_WARN__DUPLICATE_METHOD_MATCH = YES;
				CODE_SIGN_IDENTITY = "iPhone Developer";
				COPY_PHASE_STRIP = NO;
				DEBUG_INFORMATION_FORMAT = "dwarf-with-dsym";
				ENABLE_NS_ASSERTIONS = NO;
				ENABLE_STRICT_OBJC_MSGSEND = YES;
				GCC_C_LANGUAGE_STANDARD = gnu11;
				GCC_NO_COMMON_BLOCKS = YES;
				GCC_WARN_64_TO_32_BIT_CONVERSION = YES;
				GCC_WARN_ABOUT_RETURN_TYPE = YES_ERROR;
				GCC_WARN_UNDECLARED_SELECTOR = YES;
				GCC_WARN_UNINITIALIZED_AUTOS = YES_AGGRESSIVE;
				GCC_WARN_UNUSED_FUNCTION = YES;
				GCC_WARN_UNUSED_VARIABLE = YES;
				IPHONEOS_DEPLOYMENT_TARGET = 12.2;
				MTL_ENABLE_DEBUG_INFO = NO;
				MTL_FAST_MATH = YES;
				SDKROOT = iphoneos;
				VALIDATE_PRODUCT = YES;
			};
			name = Release;
		};
		218D5C4922DB029800598ED6 /* Debug */ = {
			isa = XCBuildConfiguration;
			buildSettings = {
				ASSETCATALOG_COMPILER_APPICON_NAME = AppIcon;
				CODE_SIGN_STYLE = Automatic;
				DEVELOPMENT_TEAM = "";
				INFOPLIST_FILE = "iOS-BlockDemo/Info.plist";
				LD_RUNPATH_SEARCH_PATHS = (
					"$(inherited)",
					"@executable_path/Frameworks",
				);
				PRODUCT_BUNDLE_IDENTIFIER = "yongzhenyin.iOS-BlockDemo";
				PRODUCT_NAME = "$(TARGET_NAME)";
				TARGETED_DEVICE_FAMILY = "1,2";
			};
			name = Debug;
		};
		218D5C4A22DB029800598ED6 /* Release */ = {
			isa = XCBuildConfiguration;
			buildSettings = {
				ASSETCATALOG_COMPILER_APPICON_NAME = AppIcon;
				CODE_SIGN_STYLE = Automatic;
				DEVELOPMENT_TEAM = "";
				INFOPLIST_FILE = "iOS-BlockDemo/Info.plist";
				LD_RUNPATH_SEARCH_PATHS = (
					"$(inherited)",
					"@executable_path/Frameworks",
				);
				PRODUCT_BUNDLE_IDENTIFIER = "yongzhenyin.iOS-BlockDemo";
				PRODUCT_NAME = "$(TARGET_NAME)";
				TARGETED_DEVICE_FAMILY = "1,2";
			};
			name = Release;
		};
/* End XCBuildConfiguration section */

/* Begin XCConfigurationList section */
		218D5C2D22DB029400598ED6 /* Build configuration list for PBXProject "iOS-BlockDemo" */ = {
			isa = XCConfigurationList;
			buildConfigurations = (
				218D5C4622DB029800598ED6 /* Debug */,
				218D5C4722DB029800598ED6 /* Release */,
			);
			defaultConfigurationIsVisible = 0;
			defaultConfigurationName = Release;
		};
		218D5C4822DB029800598ED6 /* Build configuration list for PBXNativeTarget "iOS-BlockDemo" */ = {
			isa = XCConfigurationList;
			buildConfigurations = (
				218D5C4922DB029800598ED6 /* Debug */,
				218D5C4A22DB029800598ED6 /* Release */,
			);
			defaultConfigurationIsVisible = 0;
			defaultConfigurationName = Release;
		};
/* End XCConfigurationList section */
	};
	rootObject = 218D5C2A22DB029400598ED6 /* Project object */;
}
