// !$*UTF8*$!
{
	archiveVersion = 1;
	classes = {
	};
	objectVersion = 50;
	objects = {

/* Begin PBXBuildFile section */
		21902B8E22B4C37A0040BD3F /* AppDelegate.m in Sources */ = {isa = PBXBuildFile; fileRef = 21902B8D22B4C37A0040BD3F /* AppDelegate.m */; };
		21902B9122B4C37A0040BD3F /* ViewController.m in Sources */ = {isa = PBXBuildFile; fileRef = 21902B9022B4C37A0040BD3F /* ViewController.m */; };
		21902B9422B4C37A0040BD3F /* Main.storyboard in Resources */ = {isa = PBXBuildFile; fileRef = 21902B9222B4C37A0040BD3F /* Main.storyboard */; };
		21902B9622B4C37C0040BD3F /* Assets.xcassets in Resources */ = {isa = PBXBuildFile; fileRef = 21902B9522B4C37C0040BD3F /* Assets.xcassets */; };
		21902B9922B4C37C0040BD3F /* LaunchScreen.storyboard in Resources */ = {isa = PBXBuildFile; fileRef = 21902B9722B4C37C0040BD3F /* LaunchScreen.storyboard */; };
		21902B9C22B4C37C0040BD3F /* main.m in Sources */ = {isa = PBXBuildFile; fileRef = 21902B9B22B4C37C0040BD3F /* main.m */; };
/* End PBXBuildFile section */

/* Begin PBXFileReference section */
		21902B8922B4C37A0040BD3F /* RunLoop.app */ = {isa = PBXFileReference; explicitFileType = wrapper.application; includeInIndex = 0; path = RunLoop.app; sourceTree = BUILT_PRODUCTS_DIR; };
		21902B8C22B4C37A0040BD3F /* AppDelegate.h */ = {isa = PBXFileReference; lastKnownFileType = sourcecode.c.h; path = AppDelegate.h; sourceTree = "<group>"; };
		21902B8D22B4C37A0040BD3F /* AppDelegate.m */ = {isa = PBXFileReference; lastKnownFileType = sourcecode.c.objc; path = AppDelegate.m; sourceTree = "<group>"; };
		21902B8F22B4C37A0040BD3F /* ViewController.h */ = {isa = PBXFileReference; lastKnownFileType = sourcecode.c.h; path = ViewController.h; sourceTree = "<group>"; };
		21902B9022B4C37A0040BD3F /* ViewController.m */ = {isa = PBXFileReference; lastKnownFileType = sourcecode.c.objc; path = ViewController.m; sourceTree = "<group>"; };
		21902B9322B4C37A0040BD3F /* Base */ = {isa = PBXFileReference; lastKnownFileType = file.storyboard; name = Base; path = Base.lproj/Main.storyboard; sourceTree = "<group>"; };
		21902B9522B4C37C0040BD3F /* Assets.xcassets */ = {isa = PBXFileReference; lastKnownFileType = folder.assetcatalog; path = Assets.xcassets; sourceTree = "<group>"; };
		21902B9822B4C37C0040BD3F /* Base */ = {isa = PBXFileReference; lastKnownFileType = file.storyboard; name = Base; path = Base.lproj/LaunchScreen.storyboard; sourceTree = "<group>"; };
		21902B9A22B4C37C0040BD3F /* Info.plist */ = {isa = PBXFileReference; lastKnownFileType = text.plist.xml; path = Info.plist; sourceTree = "<group>"; };
		21902B9B22B4C37C0040BD3F /* main.m */ = {isa = PBXFileReference; lastKnownFileType = sourcecode.c.objc; path = main.m; sourceTree = "<group>"; };
		21902BA322B4D6560040BD3F /* CFUUID.h */ = {isa = PBXFileReference; lastKnownFileType = sourcecode.c.h; path = CFUUID.h; sourceTree = "<group>"; };
		21902BA422B4D6560040BD3F /* CFUniCharPriv.h */ = {isa = PBXFileReference; lastKnownFileType = sourcecode.c.h; path = CFUniCharPriv.h; sourceTree = "<group>"; };
		21902BA522B4D6560040BD3F /* CFBundle.h */ = {isa = PBXFileReference; lastKnownFileType = sourcecode.c.h; path = CFBundle.h; sourceTree = "<group>"; };
		21902BA622B4D6560040BD3F /* CFBigNumber.h */ = {isa = PBXFileReference; lastKnownFileType = sourcecode.c.h; path = CFBigNumber.h; sourceTree = "<group>"; };
		21902BA722B4D6560040BD3F /* CFXMLInputStream.h */ = {isa = PBXFileReference; lastKnownFileType = sourcecode.c.h; path = CFXMLInputStream.h; sourceTree = "<group>"; };
		21902BA822B4D6560040BD3F /* CFNumber.c */ = {isa = PBXFileReference; lastKnownFileType = sourcecode.c.c; path = CFNumber.c; sourceTree = "<group>"; };
		21902BA922B4D6560040BD3F /* CFError.c */ = {isa = PBXFileReference; lastKnownFileType = sourcecode.c.c; path = CFError.c; sourceTree = "<group>"; };
		21902BAA22B4D6560040BD3F /* CFBundle_Internal.h */ = {isa = PBXFileReference; lastKnownFileType = sourcecode.c.h; path = CFBundle_Internal.h; sourceTree = "<group>"; };
		21902BAB22B4D6560040BD3F /* CFURL.inc.h */ = {isa = PBXFileReference; lastKnownFileType = sourcecode.c.h; path = CFURL.inc.h; sourceTree = "<group>"; };
		21902BAC22B4D6560040BD3F /* CFPropertyList.c */ = {isa = PBXFileReference; lastKnownFileType = sourcecode.c.c; path = CFPropertyList.c; sourceTree = "<group>"; };
		21902BAD22B4D6560040BD3F /* CFBag.h */ = {isa = PBXFileReference; lastKnownFileType = sourcecode.c.h; path = CFBag.h; sourceTree = "<group>"; };
		21902BAE22B4D6560040BD3F /* CFStringEncodingConverterPriv.h */ = {isa = PBXFileReference; lastKnownFileType = sourcecode.c.h; path = CFStringEncodingConverterPriv.h; sourceTree = "<group>"; };
		21902BAF22B4D6560040BD3F /* CFRuntime.h */ = {isa = PBXFileReference; lastKnownFileType = sourcecode.c.h; path = CFRuntime.h; sourceTree = "<group>"; };
		21902BB022B4D6560040BD3F /* CFPreferences.h */ = {isa = PBXFileReference; lastKnownFileType = sourcecode.c.h; path = CFPreferences.h; sourceTree = "<group>"; };
		21902BB122B4D6560040BD3F /* CFConcreteStreams.c */ = {isa = PBXFileReference; lastKnownFileType = sourcecode.c.c; path = CFConcreteStreams.c; sourceTree = "<group>"; };
		21902BB222B4D6560040BD3F /* CoreFoundation_Prefix.h */ = {isa = PBXFileReference; lastKnownFileType = sourcecode.c.h; path = CoreFoundation_Prefix.h; sourceTree = "<group>"; };
		21902BB322B4D6560040BD3F /* CFAvailability.h */ = {isa = PBXFileReference; lastKnownFileType = sourcecode.c.h; path = CFAvailability.h; sourceTree = "<group>"; };
		21902BB422B4D6560040BD3F /* SymbolAliases */ = {isa = PBXFileReference; lastKnownFileType = text; path = SymbolAliases; sourceTree = "<group>"; };
		21902BB522B4D6560040BD3F /* CFUserNotification.h */ = {isa = PBXFileReference; lastKnownFileType = sourcecode.c.h; path = CFUserNotification.h; sourceTree = "<group>"; };
		21902BB622B4D6560040BD3F /* CFTimeZone.c */ = {isa = PBXFileReference; lastKnownFileType = sourcecode.c.c; path = CFTimeZone.c; sourceTree = "<group>"; };
		21902BB722B4D6560040BD3F /* CFVersion.c */ = {isa = PBXFileReference; lastKnownFileType = sourcecode.c.c; path = CFVersion.c; sourceTree = "<group>"; };
		21902BB822B4D6560040BD3F /* ForFoundationOnly.h */ = {isa = PBXFileReference; lastKnownFileType = sourcecode.c.h; path = ForFoundationOnly.h; sourceTree = "<group>"; };
		21902BB922B4D6560040BD3F /* CFBinaryPList.c */ = {isa = PBXFileReference; lastKnownFileType = sourcecode.c.c; path = CFBinaryPList.c; sourceTree = "<group>"; };
		21902BBA22B4D6560040BD3F /* CFXMLNode.h */ = {isa = PBXFileReference; lastKnownFileType = sourcecode.c.h; path = CFXMLNode.h; sourceTree = "<group>"; };
		21902BBB22B4D6560040BD3F /* CFBundle_Resources.c */ = {isa = PBXFileReference; lastKnownFileType = sourcecode.c.c; path = CFBundle_Resources.c; sourceTree = "<group>"; };
		21902BBC22B4D6560040BD3F /* CFStreamAbstract.h */ = {isa = PBXFileReference; lastKnownFileType = sourcecode.c.h; path = CFStreamAbstract.h; sourceTree = "<group>"; };
		21902BBD22B4D6560040BD3F /* CFString.c */ = {isa = PBXFileReference; lastKnownFileType = sourcecode.c.c; path = CFString.c; sourceTree = "<group>"; };
		21902BBE22B4D6560040BD3F /* CFBasicHash.c */ = {isa = PBXFileReference; lastKnownFileType = sourcecode.c.c; path = CFBasicHash.c; sourceTree = "<group>"; };
		21902BBF22B4D6560040BD3F /* CFArray.h */ = {isa = PBXFileReference; lastKnownFileType = sourcecode.c.h; path = CFArray.h; sourceTree = "<group>"; };
		21902BC022B4D6560040BD3F /* CFBundle_InfoPlist.c */ = {isa = PBXFileReference; lastKnownFileType = sourcecode.c.c; path = CFBundle_InfoPlist.c; sourceTree = "<group>"; };
		21902BC122B4D6560040BD3F /* CFXMLParser.c */ = {isa = PBXFileReference; lastKnownFileType = sourcecode.c.c; path = CFXMLParser.c; sourceTree = "<group>"; };
		21902BC222B4D6560040BD3F /* CFBitVector.c */ = {isa = PBXFileReference; lastKnownFileType = sourcecode.c.c; path = CFBitVector.c; sourceTree = "<group>"; };
		21902BC322B4D6560040BD3F /* CFStream.h */ = {isa = PBXFileReference; lastKnownFileType = sourcecode.c.h; path = CFStream.h; sourceTree = "<group>"; };
		21902BC422B4D6560040BD3F /* CFRunLoop.c */ = {isa = PBXFileReference; lastKnownFileType = sourcecode.c.c; path = CFRunLoop.c; sourceTree = "<group>"; };
		21902BC522B4D6560040BD3F /* CoreFoundation.h */ = {isa = PBXFileReference; lastKnownFileType = sourcecode.c.h; path = CoreFoundation.h; sourceTree = "<group>"; };
		21902BC622B4D6560040BD3F /* CFBundle_BinaryTypes.h */ = {isa = PBXFileReference; lastKnownFileType = sourcecode.c.h; path = CFBundle_BinaryTypes.h; sourceTree = "<group>"; };
		21902BC722B4D6560040BD3F /* CFSocket.c */ = {isa = PBXFileReference; lastKnownFileType = sourcecode.c.c; path = CFSocket.c; sourceTree = "<group>"; };
		21902BC822B4D6560040BD3F /* CFDictionary.h */ = {isa = PBXFileReference; lastKnownFileType = sourcecode.c.h; path = CFDictionary.h; sourceTree = "<group>"; };
		21902BC922B4D6560040BD3F /* APPLE_LICENSE */ = {isa = PBXFileReference; lastKnownFileType = text; path = APPLE_LICENSE; sourceTree = "<group>"; };
		21902BCA22B4D6560040BD3F /* CFURL.c */ = {isa = PBXFileReference; lastKnownFileType = sourcecode.c.c; path = CFURL.c; sourceTree = "<group>"; };
		21902BCB22B4D6560040BD3F /* CFApplicationPreferences.c */ = {isa = PBXFileReference; lastKnownFileType = sourcecode.c.c; path = CFApplicationPreferences.c; sourceTree = "<group>"; };
		21902BCC22B4D6560040BD3F /* CFCharacterSet.h */ = {isa = PBXFileReference; lastKnownFileType = sourcecode.c.h; path = CFCharacterSet.h; sourceTree = "<group>"; };
		21902BCD22B4D6560040BD3F /* CFBasicHashFindBucket.m */ = {isa = PBXFileReference; lastKnownFileType = sourcecode.c.objc; path = CFBasicHashFindBucket.m; sourceTree = "<group>"; };
		21902BCE22B4D6560040BD3F /* CFStorage.h */ = {isa = PBXFileReference; lastKnownFileType = sourcecode.c.h; path = CFStorage.h; sourceTree = "<group>"; };
		21902BCF22B4D6560040BD3F /* CFStringEncodingDatabase.c */ = {isa = PBXFileReference; lastKnownFileType = sourcecode.c.c; path = CFStringEncodingDatabase.c; sourceTree = "<group>"; };
		21902BD022B4D6560040BD3F /* CFSystemDirectories.c */ = {isa = PBXFileReference; lastKnownFileType = sourcecode.c.c; path = CFSystemDirectories.c; sourceTree = "<group>"; };
		21902BD122B4D6560040BD3F /* CFUnicodeData-B.mapping */ = {isa = PBXFileReference; lastKnownFileType = file; path = "CFUnicodeData-B.mapping"; sourceTree = "<group>"; };
		21902BD222B4D6560040BD3F /* CFCalendar.c */ = {isa = PBXFileReference; lastKnownFileType = sourcecode.c.c; path = CFCalendar.c; sourceTree = "<group>"; };
		21902BD322B4D6560040BD3F /* CFOldStylePList.c */ = {isa = PBXFileReference; lastKnownFileType = sourcecode.c.c; path = CFOldStylePList.c; sourceTree = "<group>"; };
		21902BD422B4D6560040BD3F /* Makefile */ = {isa = PBXFileReference; lastKnownFileType = sourcecode.make; path = Makefile; sourceTree = "<group>"; };
		21902BD522B4D6560040BD3F /* CFDateFormatter.h */ = {isa = PBXFileReference; lastKnownFileType = sourcecode.c.h; path = CFDateFormatter.h; sourceTree = "<group>"; };
		21902BD622B4D6560040BD3F /* CFPlugIn_Factory.h */ = {isa = PBXFileReference; lastKnownFileType = sourcecode.c.h; path = CFPlugIn_Factory.h; sourceTree = "<group>"; };
		21902BD722B4D6560040BD3F /* CFICUConverters.c */ = {isa = PBXFileReference; lastKnownFileType = sourcecode.c.c; path = CFICUConverters.c; sourceTree = "<group>"; };
		21902BD822B4D6560040BD3F /* CFSet.c */ = {isa = PBXFileReference; lastKnownFileType = sourcecode.c.c; path = CFSet.c; sourceTree = "<group>"; };
		21902BD922B4D6560040BD3F /* CFBase.c */ = {isa = PBXFileReference; lastKnownFileType = sourcecode.c.c; path = CFBase.c; sourceTree = "<group>"; };
		21902BDA22B4D6560040BD3F /* CFTree.h */ = {isa = PBXFileReference; lastKnownFileType = sourcecode.c.h; path = CFTree.h; sourceTree = "<group>"; };
		21902BDB22B4D6560040BD3F /* CFSortFunctions.c */ = {isa = PBXFileReference; lastKnownFileType = sourcecode.c.c; path = CFSortFunctions.c; sourceTree = "<group>"; };
		21902BDC22B4D6560040BD3F /* CFBinaryHeap.c */ = {isa = PBXFileReference; lastKnownFileType = sourcecode.c.c; path = CFBinaryHeap.c; sourceTree = "<group>"; };
		21902BDD22B4D6560040BD3F /* CFMessagePort.h */ = {isa = PBXFileReference; lastKnownFileType = sourcecode.c.h; path = CFMessagePort.h; sourceTree = "<group>"; };
		21902BDE22B4D6560040BD3F /* CFUtilities.c */ = {isa = PBXFileReference; lastKnownFileType = sourcecode.c.c; path = CFUtilities.c; sourceTree = "<group>"; };
		21902BDF22B4D6560040BD3F /* MakefileVersion */ = {isa = PBXFileReference; lastKnownFileType = text; path = MakefileVersion; sourceTree = "<group>"; };
		21902BE022B4D6560040BD3F /* CFUnicodePrecomposition.h */ = {isa = PBXFileReference; lastKnownFileType = sourcecode.c.h; path = CFUnicodePrecomposition.h; sourceTree = "<group>"; };
		21902BE122B4D6560040BD3F /* CFMachPort.h */ = {isa = PBXFileReference; lastKnownFileType = sourcecode.c.h; path = CFMachPort.h; sourceTree = "<group>"; };
		21902BE222B4D6560040BD3F /* CFICULogging.h */ = {isa = PBXFileReference; lastKnownFileType = sourcecode.c.h; path = CFICULogging.h; sourceTree = "<group>"; };
		21902BE322B4D6560040BD3F /* CFPlugInCOM.h */ = {isa = PBXFileReference; lastKnownFileType = sourcecode.c.h; path = CFPlugInCOM.h; sourceTree = "<group>"; };
		21902BE422B4D6560040BD3F /* CFPlugIn.h */ = {isa = PBXFileReference; lastKnownFileType = sourcecode.c.h; path = CFPlugIn.h; sourceTree = "<group>"; };
		21902BE522B4D6560040BD3F /* CFFileUtilities.c */ = {isa = PBXFileReference; lastKnownFileType = sourcecode.c.c; path = CFFileUtilities.c; sourceTree = "<group>"; };
		21902BE622B4D6560040BD3F /* CFBundle_Locale.c */ = {isa = PBXFileReference; lastKnownFileType = sourcecode.c.c; path = CFBundle_Locale.c; sourceTree = "<group>"; };
		21902BE722B4D6560040BD3F /* CFLocaleKeys.c */ = {isa = PBXFileReference; lastKnownFileType = sourcecode.c.c; path = CFLocaleKeys.c; sourceTree = "<group>"; };
		21902BE822B4D6560040BD3F /* CFUnicodeDecomposition.h */ = {isa = PBXFileReference; lastKnownFileType = sourcecode.c.h; path = CFUnicodeDecomposition.h; sourceTree = "<group>"; };
		21902BE922B4D6560040BD3F /* CFDate.h */ = {isa = PBXFileReference; lastKnownFileType = sourcecode.c.h; path = CFDate.h; sourceTree = "<group>"; };
		21902BEA22B4D6560040BD3F /* CFBundle_Strings.c */ = {isa = PBXFileReference; lastKnownFileType = sourcecode.c.c; path = CFBundle_Strings.c; sourceTree = "<group>"; };
		21902BEB22B4D6560040BD3F /* CFBurstTrie.h */ = {isa = PBXFileReference; lastKnownFileType = sourcecode.c.h; path = CFBurstTrie.h; sourceTree = "<group>"; };
		21902BEC22B4D6560040BD3F /* CFStringEncodingConverter.h */ = {isa = PBXFileReference; lastKnownFileType = sourcecode.c.h; path = CFStringEncodingConverter.h; sourceTree = "<group>"; };
		21902BED22B4D6560040BD3F /* CFStreamInternal.h */ = {isa = PBXFileReference; lastKnownFileType = sourcecode.c.h; path = CFStreamInternal.h; sourceTree = "<group>"; };
		21902BEE22B4D6560040BD3F /* CFStringEncodingConverterExt.h */ = {isa = PBXFileReference; lastKnownFileType = sourcecode.c.h; path = CFStringEncodingConverterExt.h; sourceTree = "<group>"; };
		21902BEF22B4D6560040BD3F /* CFLocale.h */ = {isa = PBXFileReference; lastKnownFileType = sourcecode.c.h; path = CFLocale.h; sourceTree = "<group>"; };
		21902BF022B4D6560040BD3F /* CFData.h */ = {isa = PBXFileReference; lastKnownFileType = sourcecode.c.h; path = CFData.h; sourceTree = "<group>"; };
		21902BF122B4D6560040BD3F /* CFUniChar.c */ = {isa = PBXFileReference; lastKnownFileType = sourcecode.c.c; path = CFUniChar.c; sourceTree = "<group>"; };
		21902BF222B4D6560040BD3F /* CFNumberFormatter.h */ = {isa = PBXFileReference; lastKnownFileType = sourcecode.c.h; path = CFNumberFormatter.h; sourceTree = "<group>"; };
		21902BF322B4D6560040BD3F /* CFURLAccess.h */ = {isa = PBXFileReference; lastKnownFileType = sourcecode.c.h; path = CFURLAccess.h; sourceTree = "<group>"; };
		21902BF422B4D6560040BD3F /* CFLocaleInternal.h */ = {isa = PBXFileReference; lastKnownFileType = sourcecode.c.h; path = CFLocaleInternal.h; sourceTree = "<group>"; };
		21902BF522B4D6560040BD3F /* CFStreamPriv.h */ = {isa = PBXFileReference; lastKnownFileType = sourcecode.c.h; path = CFStreamPriv.h; sourceTree = "<group>"; };
		21902BF622B4D6560040BD3F /* CFLogUtilities.h */ = {isa = PBXFileReference; lastKnownFileType = sourcecode.c.h; path = CFLogUtilities.h; sourceTree = "<group>"; };
		21902BF722B4D6560040BD3F /* CFRuntime.c */ = {isa = PBXFileReference; lastKnownFileType = sourcecode.c.c; path = CFRuntime.c; sourceTree = "<group>"; };
		21902BF822B4D6560040BD3F /* CFPreferences.c */ = {isa = PBXFileReference; lastKnownFileType = sourcecode.c.c; path = CFPreferences.c; sourceTree = "<group>"; };
		21902BF922B4D6560040BD3F /* CFUserNotification.c */ = {isa = PBXFileReference; lastKnownFileType = sourcecode.c.c; path = CFUserNotification.c; sourceTree = "<group>"; };
		21902BFA22B4D6560040BD3F /* CFTimeZone.h */ = {isa = PBXFileReference; lastKnownFileType = sourcecode.c.h; path = CFTimeZone.h; sourceTree = "<group>"; };
		21902BFB22B4D6560040BD3F /* TargetConditionals.h */ = {isa = PBXFileReference; lastKnownFileType = sourcecode.c.h; path = TargetConditionals.h; sourceTree = "<group>"; };
		21902BFC22B4D6560040BD3F /* CFXMLPreferencesDomain.c */ = {isa = PBXFileReference; lastKnownFileType = sourcecode.c.c; path = CFXMLPreferencesDomain.c; sourceTree = "<group>"; };
		21902BFD22B4D6560040BD3F /* CFError.h */ = {isa = PBXFileReference; lastKnownFileType = sourcecode.c.h; path = CFError.h; sourceTree = "<group>"; };
		21902BFE22B4D6560040BD3F /* CFNumber.h */ = {isa = PBXFileReference; lastKnownFileType = sourcecode.c.h; path = CFNumber.h; sourceTree = "<group>"; };
		21902BFF22B4D6560040BD3F /* CFBundlePriv.h */ = {isa = PBXFileReference; lastKnownFileType = sourcecode.c.h; path = CFBundlePriv.h; sourceTree = "<group>"; };
		21902C0022B4D6560040BD3F /* README_CFLITE */ = {isa = PBXFileReference; lastKnownFileType = text; path = README_CFLITE; sourceTree = "<group>"; };
		21902C0122B4D6560040BD3F /* CFCharacterSetBitmaps.bitmap */ = {isa = PBXFileReference; lastKnownFileType = file; path = CFCharacterSetBitmaps.bitmap; sourceTree = "<group>"; };
		21902C0222B4D6560040BD3F /* CFXMLInputStream.c */ = {isa = PBXFileReference; lastKnownFileType = sourcecode.c.c; path = CFXMLInputStream.c; sourceTree = "<group>"; };
		21902C0322B4D6560040BD3F /* CFBag.c */ = {isa = PBXFileReference; lastKnownFileType = sourcecode.c.c; path = CFBag.c; sourceTree = "<group>"; };
		21902C0422B4D6560040BD3F /* CFPropertyList.h */ = {isa = PBXFileReference; lastKnownFileType = sourcecode.c.h; path = CFPropertyList.h; sourceTree = "<group>"; };
		21902C0522B4D6560040BD3F /* CFBundle.c */ = {isa = PBXFileReference; lastKnownFileType = sourcecode.c.c; path = CFBundle.c; sourceTree = "<group>"; };
		21902C0622B4D6560040BD3F /* CFSocketStream.c */ = {isa = PBXFileReference; lastKnownFileType = sourcecode.c.c; path = CFSocketStream.c; sourceTree = "<group>"; };
		21902C0722B4D6560040BD3F /* CFBigNumber.c */ = {isa = PBXFileReference; lastKnownFileType = sourcecode.c.c; path = CFBigNumber.c; sourceTree = "<group>"; };
		21902C0822B4D6560040BD3F /* CFUUID.c */ = {isa = PBXFileReference; lastKnownFileType = sourcecode.c.c; path = CFUUID.c; sourceTree = "<group>"; };
		21902C0922B4D6560040BD3F /* PropertyList.dtd */ = {isa = PBXFileReference; lastKnownFileType = text.xml; path = PropertyList.dtd; sourceTree = "<group>"; };
		21902C0A22B4D6560040BD3F /* CFBundle_Binary.c */ = {isa = PBXFileReference; lastKnownFileType = sourcecode.c.c; path = CFBundle_Binary.c; sourceTree = "<group>"; };
		21902C0B22B4D6560040BD3F /* CFPlugIn_Instance.c */ = {isa = PBXFileReference; lastKnownFileType = sourcecode.c.c; path = CFPlugIn_Instance.c; sourceTree = "<group>"; };
		21902C0C22B4D6560040BD3F /* CFPriv.h */ = {isa = PBXFileReference; lastKnownFileType = sourcecode.c.h; path = CFPriv.h; sourceTree = "<group>"; };
		21902C0D22B4D6560040BD3F /* CFByteOrder.h */ = {isa = PBXFileReference; lastKnownFileType = sourcecode.c.h; path = CFByteOrder.h; sourceTree = "<group>"; };
		21902C0E22B4D6560040BD3F /* CFBuiltinConverters.c */ = {isa = PBXFileReference; lastKnownFileType = sourcecode.c.c; path = CFBuiltinConverters.c; sourceTree = "<group>"; };
		21902C0F22B4D6560040BD3F /* CFStorage.c */ = {isa = PBXFileReference; lastKnownFileType = sourcecode.c.c; path = CFStorage.c; sourceTree = "<group>"; };
		21902C1122B4D6560040BD3F /* plconvert.c */ = {isa = PBXFileReference; lastKnownFileType = sourcecode.c.c; path = plconvert.c; sourceTree = "<group>"; };
		21902C1222B4D6560040BD3F /* CFCharacterSet.c */ = {isa = PBXFileReference; lastKnownFileType = sourcecode.c.c; path = CFCharacterSet.c; sourceTree = "<group>"; };
		21902C1322B4D6560040BD3F /* CFDictionary.c */ = {isa = PBXFileReference; lastKnownFileType = sourcecode.c.c; path = CFDictionary.c; sourceTree = "<group>"; };
		21902C1422B4D6560040BD3F /* CFSocket.h */ = {isa = PBXFileReference; lastKnownFileType = sourcecode.c.h; path = CFSocket.h; sourceTree = "<group>"; };
		21902C1522B4D6560040BD3F /* CFURL.h */ = {isa = PBXFileReference; lastKnownFileType = sourcecode.c.h; path = CFURL.h; sourceTree = "<group>"; };
		21902C1622B4D6560040BD3F /* CFInternal.h */ = {isa = PBXFileReference; lastKnownFileType = sourcecode.c.h; path = CFInternal.h; sourceTree = "<group>"; };
		21902C1722B4D6560040BD3F /* CFBitVector.h */ = {isa = PBXFileReference; lastKnownFileType = sourcecode.c.h; path = CFBitVector.h; sourceTree = "<group>"; };
		21902C1822B4D6560040BD3F /* CFXMLParser.h */ = {isa = PBXFileReference; lastKnownFileType = sourcecode.c.h; path = CFXMLParser.h; sourceTree = "<group>"; };
		21902C1922B4D6560040BD3F /* CFXMLTree.c */ = {isa = PBXFileReference; lastKnownFileType = sourcecode.c.c; path = CFXMLTree.c; sourceTree = "<group>"; };
		21902C1A22B4D6560040BD3F /* CFRunLoop.h */ = {isa = PBXFileReference; lastKnownFileType = sourcecode.c.h; path = CFRunLoop.h; sourceTree = "<group>"; };
		21902C1B22B4D6560040BD3F /* CFStream.c */ = {isa = PBXFileReference; lastKnownFileType = sourcecode.c.c; path = CFStream.c; sourceTree = "<group>"; };
		21902C1C22B4D6560040BD3F /* CFLocaleIdentifier.c */ = {isa = PBXFileReference; lastKnownFileType = sourcecode.c.c; path = CFLocaleIdentifier.c; sourceTree = "<group>"; };
		21902C1D22B4D6560040BD3F /* CFXMLNode.c */ = {isa = PBXFileReference; lastKnownFileType = sourcecode.c.c; path = CFXMLNode.c; sourceTree = "<group>"; };
		21902C1E22B4D6560040BD3F /* CFArray.c */ = {isa = PBXFileReference; lastKnownFileType = sourcecode.c.c; path = CFArray.c; sourceTree = "<group>"; };
		21902C1F22B4D6560040BD3F /* CFBasicHash.h */ = {isa = PBXFileReference; lastKnownFileType = sourcecode.c.h; path = CFBasicHash.h; sourceTree = "<group>"; };
		21902C2022B4D6560040BD3F /* CFString.h */ = {isa = PBXFileReference; lastKnownFileType = sourcecode.c.h; path = CFString.h; sourceTree = "<group>"; };
		21902C2122B4D6560040BD3F /* CFPlatform.c */ = {isa = PBXFileReference; lastKnownFileType = sourcecode.c.c; path = CFPlatform.c; sourceTree = "<group>"; };
		21902C2222B4D6560040BD3F /* CFStringScanner.c */ = {isa = PBXFileReference; lastKnownFileType = sourcecode.c.c; path = CFStringScanner.c; sourceTree = "<group>"; };
		21902C2322B4D6560040BD3F /* CFMachPort.c */ = {isa = PBXFileReference; lastKnownFileType = sourcecode.c.c; path = CFMachPort.c; sourceTree = "<group>"; };
		21902C2422B4D6560040BD3F /* CFUnicodePrecomposition.c */ = {isa = PBXFileReference; lastKnownFileType = sourcecode.c.c; path = CFUnicodePrecomposition.c; sourceTree = "<group>"; };
		21902C2522B4D6560040BD3F /* CFBinaryHeap.h */ = {isa = PBXFileReference; lastKnownFileType = sourcecode.c.h; path = CFBinaryHeap.h; sourceTree = "<group>"; };
		21902C2622B4D6560040BD3F /* CFMessagePort.c */ = {isa = PBXFileReference; lastKnownFileType = sourcecode.c.c; path = CFMessagePort.c; sourceTree = "<group>"; };
		21902C2722B4D6560040BD3F /* CFTree.c */ = {isa = PBXFileReference; lastKnownFileType = sourcecode.c.c; path = CFTree.c; sourceTree = "<group>"; };
		21902C2822B4D6560040BD3F /* CFBase.h */ = {isa = PBXFileReference; lastKnownFileType = sourcecode.c.h; path = CFBase.h; sourceTree = "<group>"; };
		21902C2922B4D6560040BD3F /* CFURLPriv.h */ = {isa = PBXFileReference; lastKnownFileType = sourcecode.c.h; path = CFURLPriv.h; sourceTree = "<group>"; };
		21902C2A22B4D6560040BD3F /* CFSet.h */ = {isa = PBXFileReference; lastKnownFileType = sourcecode.c.h; path = CFSet.h; sourceTree = "<group>"; };
		21902C2B22B4D6560040BD3F /* CFUnicodeData-L.mapping */ = {isa = PBXFileReference; lastKnownFileType = file; path = "CFUnicodeData-L.mapping"; sourceTree = "<group>"; };
		21902C2C22B4D6560040BD3F /* CFPlatformConverters.c */ = {isa = PBXFileReference; lastKnownFileType = sourcecode.c.c; path = CFPlatformConverters.c; sourceTree = "<group>"; };
		21902C2D22B4D6560040BD3F /* CFUtilities.h */ = {isa = PBXFileReference; lastKnownFileType = sourcecode.c.h; path = CFUtilities.h; sourceTree = "<group>"; };
		21902C2E22B4D6560040BD3F /* CFPlugIn_Factory.c */ = {isa = PBXFileReference; lastKnownFileType = sourcecode.c.c; path = CFPlugIn_Factory.c; sourceTree = "<group>"; };
		21902C2F22B4D6560040BD3F /* CFDateFormatter.c */ = {isa = PBXFileReference; lastKnownFileType = sourcecode.c.c; path = CFDateFormatter.c; sourceTree = "<group>"; };
		21902C3022B4D6560040BD3F /* CFICUConverters.h */ = {isa = PBXFileReference; lastKnownFileType = sourcecode.c.h; path = CFICUConverters.h; sourceTree = "<group>"; };
		21902C3122B4D6560040BD3F /* CFUniCharPropertyDatabase.data */ = {isa = PBXFileReference; lastKnownFileType = file; path = CFUniCharPropertyDatabase.data; sourceTree = "<group>"; };
		21902C3222B4D6560040BD3F /* MakefileLinux */ = {isa = PBXFileReference; lastKnownFileType = text; path = MakefileLinux; sourceTree = "<group>"; };
		21902C3322B4D6560040BD3F /* CFStringUtilities.c */ = {isa = PBXFileReference; lastKnownFileType = sourcecode.c.c; path = CFStringUtilities.c; sourceTree = "<group>"; };
		21902C3422B4D6560040BD3F /* CFStringEncodingDatabase.h */ = {isa = PBXFileReference; lastKnownFileType = sourcecode.c.h; path = CFStringEncodingDatabase.h; sourceTree = "<group>"; };
		21902C3522B4D6560040BD3F /* CFStringDefaultEncoding.h */ = {isa = PBXFileReference; lastKnownFileType = sourcecode.c.h; path = CFStringDefaultEncoding.h; sourceTree = "<group>"; };
		21902C3622B4D6560040BD3F /* CFCalendar.h */ = {isa = PBXFileReference; lastKnownFileType = sourcecode.c.h; path = CFCalendar.h; sourceTree = "<group>"; };
		21902C3722B4D6560040BD3F /* CFError_Private.h */ = {isa = PBXFileReference; lastKnownFileType = sourcecode.c.h; path = CFError_Private.h; sourceTree = "<group>"; };
		21902C3822B4D6560040BD3F /* CFWindowsUtilities.c */ = {isa = PBXFileReference; lastKnownFileType = sourcecode.c.c; path = CFWindowsUtilities.c; sourceTree = "<group>"; };
		21902C3922B4D6560040BD3F /* plconvert.c */ = {isa = PBXFileReference; lastKnownFileType = sourcecode.c.c; path = plconvert.c; sourceTree = "<group>"; };
		21902C3A22B4D6560040BD3F /* CFURLAccess.c */ = {isa = PBXFileReference; lastKnownFileType = sourcecode.c.c; path = CFURLAccess.c; sourceTree = "<group>"; };
		21902C3B22B4D6560040BD3F /* CFBundle_Grok.c */ = {isa = PBXFileReference; lastKnownFileType = sourcecode.c.c; path = CFBundle_Grok.c; sourceTree = "<group>"; };
		21902C3C22B4D6560040BD3F /* CFNumberFormatter.c */ = {isa = PBXFileReference; lastKnownFileType = sourcecode.c.c; path = CFNumberFormatter.c; sourceTree = "<group>"; };
		21902C3D22B4D6560040BD3F /* CFStringEncodings.c */ = {isa = PBXFileReference; lastKnownFileType = sourcecode.c.c; path = CFStringEncodings.c; sourceTree = "<group>"; };
		21902C3E22B4D6560040BD3F /* CFLocale.c */ = {isa = PBXFileReference; lastKnownFileType = sourcecode.c.c; path = CFLocale.c; sourceTree = "<group>"; };
		21902C3F22B4D6560040BD3F /* CFStringEncodingExt.h */ = {isa = PBXFileReference; lastKnownFileType = sourcecode.c.h; path = CFStringEncodingExt.h; sourceTree = "<group>"; };
		21902C4022B4D6560040BD3F /* CFUniChar.h */ = {isa = PBXFileReference; lastKnownFileType = sourcecode.c.h; path = CFUniChar.h; sourceTree = "<group>"; };
		21902C4122B4D6560040BD3F /* CFCharacterSetPriv.h */ = {isa = PBXFileReference; lastKnownFileType = sourcecode.c.h; path = CFCharacterSetPriv.h; sourceTree = "<group>"; };
		21902C4222B4D6560040BD3F /* Info.plist */ = {isa = PBXFileReference; lastKnownFileType = text.plist.xml; path = Info.plist; sourceTree = "<group>"; };
		21902C4322B4D6560040BD3F /* CFData.c */ = {isa = PBXFileReference; lastKnownFileType = sourcecode.c.c; path = CFData.c; sourceTree = "<group>"; };
		21902C4422B4D6560040BD3F /* CFStringEncodingConverter.c */ = {isa = PBXFileReference; lastKnownFileType = sourcecode.c.c; path = CFStringEncodingConverter.c; sourceTree = "<group>"; };
		21902C4522B4D6560040BD3F /* CFBurstTrie.c */ = {isa = PBXFileReference; lastKnownFileType = sourcecode.c.c; path = CFBurstTrie.c; sourceTree = "<group>"; };
		21902C4622B4D6560040BD3F /* CFDate.c */ = {isa = PBXFileReference; lastKnownFileType = sourcecode.c.c; path = CFDate.c; sourceTree = "<group>"; };
		21902C4722B4D6560040BD3F /* CFUnicodeDecomposition.c */ = {isa = PBXFileReference; lastKnownFileType = sourcecode.c.c; path = CFUnicodeDecomposition.c; sourceTree = "<group>"; };
		21902C4822B4D6560040BD3F /* CFPlugIn_PlugIn.c */ = {isa = PBXFileReference; lastKnownFileType = sourcecode.c.c; path = CFPlugIn_PlugIn.c; sourceTree = "<group>"; };
		21902C4922B4D6560040BD3F /* CFPlugIn.c */ = {isa = PBXFileReference; lastKnownFileType = sourcecode.c.c; path = CFPlugIn.c; sourceTree = "<group>"; };
/* End PBXFileReference section */

/* Begin PBXFrameworksBuildPhase section */
		21902B8622B4C37A0040BD3F /* Frameworks */ = {
			isa = PBXFrameworksBuildPhase;
			buildActionMask = 2147483647;
			files = (
			);
			runOnlyForDeploymentPostprocessing = 0;
		};
/* End PBXFrameworksBuildPhase section */

/* Begin PBXGroup section */
		21902B8022B4C37A0040BD3F = {
			isa = PBXGroup;
			children = (
				21902B8B22B4C37A0040BD3F /* RunLoop */,
				21902B8A22B4C37A0040BD3F /* Products */,
			);
			sourceTree = "<group>";
		};
		21902B8A22B4C37A0040BD3F /* Products */ = {
			isa = PBXGroup;
			children = (
				21902B8922B4C37A0040BD3F /* RunLoop.app */,
			);
			name = Products;
			sourceTree = "<group>";
		};
		21902B8B22B4C37A0040BD3F /* RunLoop */ = {
			isa = PBXGroup;
			children = (
				21902BA222B4D6560040BD3F /* CF-1153.18 */,
				21902B8C22B4C37A0040BD3F /* AppDelegate.h */,
				21902B8D22B4C37A0040BD3F /* AppDelegate.m */,
				21902B8F22B4C37A0040BD3F /* ViewController.h */,
				21902B9022B4C37A0040BD3F /* ViewController.m */,
				21902B9222B4C37A0040BD3F /* Main.storyboard */,
				21902B9522B4C37C0040BD3F /* Assets.xcassets */,
				21902B9722B4C37C0040BD3F /* LaunchScreen.storyboard */,
				21902B9A22B4C37C0040BD3F /* Info.plist */,
				21902B9B22B4C37C0040BD3F /* main.m */,
			);
			path = RunLoop;
			sourceTree = "<group>";
		};
		21902BA222B4D6560040BD3F /* CF-1153.18 */ = {
			isa = PBXGroup;
			children = (
				21902BA322B4D6560040BD3F /* CFUUID.h */,
				21902BA422B4D6560040BD3F /* CFUniCharPriv.h */,
				21902BA522B4D6560040BD3F /* CFBundle.h */,
				21902BA622B4D6560040BD3F /* CFBigNumber.h */,
				21902BA722B4D6560040BD3F /* CFXMLInputStream.h */,
				21902BA822B4D6560040BD3F /* CFNumber.c */,
				21902BA922B4D6560040BD3F /* CFError.c */,
				21902BAA22B4D6560040BD3F /* CFBundle_Internal.h */,
				21902BAB22B4D6560040BD3F /* CFURL.inc.h */,
				21902BAC22B4D6560040BD3F /* CFPropertyList.c */,
				21902BAD22B4D6560040BD3F /* CFBag.h */,
				21902BAE22B4D6560040BD3F /* CFStringEncodingConverterPriv.h */,
				21902BAF22B4D6560040BD3F /* CFRuntime.h */,
				21902BB022B4D6560040BD3F /* CFPreferences.h */,
				21902BB122B4D6560040BD3F /* CFConcreteStreams.c */,
				21902BB222B4D6560040BD3F /* CoreFoundation_Prefix.h */,
				21902BB322B4D6560040BD3F /* CFAvailability.h */,
				21902BB422B4D6560040BD3F /* SymbolAliases */,
				21902BB522B4D6560040BD3F /* CFUserNotification.h */,
				21902BB622B4D6560040BD3F /* CFTimeZone.c */,
				21902BB722B4D6560040BD3F /* CFVersion.c */,
				21902BB822B4D6560040BD3F /* ForFoundationOnly.h */,
				21902BB922B4D6560040BD3F /* CFBinaryPList.c */,
				21902BBA22B4D6560040BD3F /* CFXMLNode.h */,
				21902BBB22B4D6560040BD3F /* CFBundle_Resources.c */,
				21902BBC22B4D6560040BD3F /* CFStreamAbstract.h */,
				21902BBD22B4D6560040BD3F /* CFString.c */,
				21902BBE22B4D6560040BD3F /* CFBasicHash.c */,
				21902BBF22B4D6560040BD3F /* CFArray.h */,
				21902BC022B4D6560040BD3F /* CFBundle_InfoPlist.c */,
				21902BC122B4D6560040BD3F /* CFXMLParser.c */,
				21902BC222B4D6560040BD3F /* CFBitVector.c */,
				21902BC322B4D6560040BD3F /* CFStream.h */,
				21902BC422B4D6560040BD3F /* CFRunLoop.c */,
				21902BC522B4D6560040BD3F /* CoreFoundation.h */,
				21902BC622B4D6560040BD3F /* CFBundle_BinaryTypes.h */,
				21902BC722B4D6560040BD3F /* CFSocket.c */,
				21902BC822B4D6560040BD3F /* CFDictionary.h */,
				21902BC922B4D6560040BD3F /* APPLE_LICENSE */,
				21902BCA22B4D6560040BD3F /* CFURL.c */,
				21902BCB22B4D6560040BD3F /* CFApplicationPreferences.c */,
				21902BCC22B4D6560040BD3F /* CFCharacterSet.h */,
				21902BCD22B4D6560040BD3F /* CFBasicHashFindBucket.m */,
				21902BCE22B4D6560040BD3F /* CFStorage.h */,
				21902BCF22B4D6560040BD3F /* CFStringEncodingDatabase.c */,
				21902BD022B4D6560040BD3F /* CFSystemDirectories.c */,
				21902BD122B4D6560040BD3F /* CFUnicodeData-B.mapping */,
				21902BD222B4D6560040BD3F /* CFCalendar.c */,
				21902BD322B4D6560040BD3F /* CFOldStylePList.c */,
				21902BD422B4D6560040BD3F /* Makefile */,
				21902BD522B4D6560040BD3F /* CFDateFormatter.h */,
				21902BD622B4D6560040BD3F /* CFPlugIn_Factory.h */,
				21902BD722B4D6560040BD3F /* CFICUConverters.c */,
				21902BD822B4D6560040BD3F /* CFSet.c */,
				21902BD922B4D6560040BD3F /* CFBase.c */,
				21902BDA22B4D6560040BD3F /* CFTree.h */,
				21902BDB22B4D6560040BD3F /* CFSortFunctions.c */,
				21902BDC22B4D6560040BD3F /* CFBinaryHeap.c */,
				21902BDD22B4D6560040BD3F /* CFMessagePort.h */,
				21902BDE22B4D6560040BD3F /* CFUtilities.c */,
				21902BDF22B4D6560040BD3F /* MakefileVersion */,
				21902BE022B4D6560040BD3F /* CFUnicodePrecomposition.h */,
				21902BE122B4D6560040BD3F /* CFMachPort.h */,
				21902BE222B4D6560040BD3F /* CFICULogging.h */,
				21902BE322B4D6560040BD3F /* CFPlugInCOM.h */,
				21902BE422B4D6560040BD3F /* CFPlugIn.h */,
				21902BE522B4D6560040BD3F /* CFFileUtilities.c */,
				21902BE622B4D6560040BD3F /* CFBundle_Locale.c */,
				21902BE722B4D6560040BD3F /* CFLocaleKeys.c */,
				21902BE822B4D6560040BD3F /* CFUnicodeDecomposition.h */,
				21902BE922B4D6560040BD3F /* CFDate.h */,
				21902BEA22B4D6560040BD3F /* CFBundle_Strings.c */,
				21902BEB22B4D6560040BD3F /* CFBurstTrie.h */,
				21902BEC22B4D6560040BD3F /* CFStringEncodingConverter.h */,
				21902BED22B4D6560040BD3F /* CFStreamInternal.h */,
				21902BEE22B4D6560040BD3F /* CFStringEncodingConverterExt.h */,
				21902BEF22B4D6560040BD3F /* CFLocale.h */,
				21902BF022B4D6560040BD3F /* CFData.h */,
				21902BF122B4D6560040BD3F /* CFUniChar.c */,
				21902BF222B4D6560040BD3F /* CFNumberFormatter.h */,
				21902BF322B4D6560040BD3F /* CFURLAccess.h */,
				21902BF422B4D6560040BD3F /* CFLocaleInternal.h */,
				21902BF522B4D6560040BD3F /* CFStreamPriv.h */,
				21902BF622B4D6560040BD3F /* CFLogUtilities.h */,
				21902BF722B4D6560040BD3F /* CFRuntime.c */,
				21902BF822B4D6560040BD3F /* CFPreferences.c */,
				21902BF922B4D6560040BD3F /* CFUserNotification.c */,
				21902BFA22B4D6560040BD3F /* CFTimeZone.h */,
				21902BFB22B4D6560040BD3F /* TargetConditionals.h */,
				21902BFC22B4D6560040BD3F /* CFXMLPreferencesDomain.c */,
				21902BFD22B4D6560040BD3F /* CFError.h */,
				21902BFE22B4D6560040BD3F /* CFNumber.h */,
				21902BFF22B4D6560040BD3F /* CFBundlePriv.h */,
				21902C0022B4D6560040BD3F /* README_CFLITE */,
				21902C0122B4D6560040BD3F /* CFCharacterSetBitmaps.bitmap */,
				21902C0222B4D6560040BD3F /* CFXMLInputStream.c */,
				21902C0322B4D6560040BD3F /* CFBag.c */,
				21902C0422B4D6560040BD3F /* CFPropertyList.h */,
				21902C0522B4D6560040BD3F /* CFBundle.c */,
				21902C0622B4D6560040BD3F /* CFSocketStream.c */,
				21902C0722B4D6560040BD3F /* CFBigNumber.c */,
				21902C0822B4D6560040BD3F /* CFUUID.c */,
				21902C0922B4D6560040BD3F /* PropertyList.dtd */,
				21902C0A22B4D6560040BD3F /* CFBundle_Binary.c */,
				21902C0B22B4D6560040BD3F /* CFPlugIn_Instance.c */,
				21902C0C22B4D6560040BD3F /* CFPriv.h */,
				21902C0D22B4D6560040BD3F /* CFByteOrder.h */,
				21902C0E22B4D6560040BD3F /* CFBuiltinConverters.c */,
				21902C0F22B4D6560040BD3F /* CFStorage.c */,
				21902C1022B4D6560040BD3F /* Examples */,
				21902C1222B4D6560040BD3F /* CFCharacterSet.c */,
				21902C1322B4D6560040BD3F /* CFDictionary.c */,
				21902C1422B4D6560040BD3F /* CFSocket.h */,
				21902C1522B4D6560040BD3F /* CFURL.h */,
				21902C1622B4D6560040BD3F /* CFInternal.h */,
				21902C1722B4D6560040BD3F /* CFBitVector.h */,
				21902C1822B4D6560040BD3F /* CFXMLParser.h */,
				21902C1922B4D6560040BD3F /* CFXMLTree.c */,
				21902C1A22B4D6560040BD3F /* CFRunLoop.h */,
				21902C1B22B4D6560040BD3F /* CFStream.c */,
				21902C1C22B4D6560040BD3F /* CFLocaleIdentifier.c */,
				21902C1D22B4D6560040BD3F /* CFXMLNode.c */,
				21902C1E22B4D6560040BD3F /* CFArray.c */,
				21902C1F22B4D6560040BD3F /* CFBasicHash.h */,
				21902C2022B4D6560040BD3F /* CFString.h */,
				21902C2122B4D6560040BD3F /* CFPlatform.c */,
				21902C2222B4D6560040BD3F /* CFStringScanner.c */,
				21902C2322B4D6560040BD3F /* CFMachPort.c */,
				21902C2422B4D6560040BD3F /* CFUnicodePrecomposition.c */,
				21902C2522B4D6560040BD3F /* CFBinaryHeap.h */,
				21902C2622B4D6560040BD3F /* CFMessagePort.c */,
				21902C2722B4D6560040BD3F /* CFTree.c */,
				21902C2822B4D6560040BD3F /* CFBase.h */,
				21902C2922B4D6560040BD3F /* CFURLPriv.h */,
				21902C2A22B4D6560040BD3F /* CFSet.h */,
				21902C2B22B4D6560040BD3F /* CFUnicodeData-L.mapping */,
				21902C2C22B4D6560040BD3F /* CFPlatformConverters.c */,
				21902C2D22B4D6560040BD3F /* CFUtilities.h */,
				21902C2E22B4D6560040BD3F /* CFPlugIn_Factory.c */,
				21902C2F22B4D6560040BD3F /* CFDateFormatter.c */,
				21902C3022B4D6560040BD3F /* CFICUConverters.h */,
				21902C3122B4D6560040BD3F /* CFUniCharPropertyDatabase.data */,
				21902C3222B4D6560040BD3F /* MakefileLinux */,
				21902C3322B4D6560040BD3F /* CFStringUtilities.c */,
				21902C3422B4D6560040BD3F /* CFStringEncodingDatabase.h */,
				21902C3522B4D6560040BD3F /* CFStringDefaultEncoding.h */,
				21902C3622B4D6560040BD3F /* CFCalendar.h */,
				21902C3722B4D6560040BD3F /* CFError_Private.h */,
				21902C3822B4D6560040BD3F /* CFWindowsUtilities.c */,
				21902C3922B4D6560040BD3F /* plconvert.c */,
				21902C3A22B4D6560040BD3F /* CFURLAccess.c */,
				21902C3B22B4D6560040BD3F /* CFBundle_Grok.c */,
				21902C3C22B4D6560040BD3F /* CFNumberFormatter.c */,
				21902C3D22B4D6560040BD3F /* CFStringEncodings.c */,
				21902C3E22B4D6560040BD3F /* CFLocale.c */,
				21902C3F22B4D6560040BD3F /* CFStringEncodingExt.h */,
				21902C4022B4D6560040BD3F /* CFUniChar.h */,
				21902C4122B4D6560040BD3F /* CFCharacterSetPriv.h */,
				21902C4222B4D6560040BD3F /* Info.plist */,
				21902C4322B4D6560040BD3F /* CFData.c */,
				21902C4422B4D6560040BD3F /* CFStringEncodingConverter.c */,
				21902C4522B4D6560040BD3F /* CFBurstTrie.c */,
				21902C4622B4D6560040BD3F /* CFDate.c */,
				21902C4722B4D6560040BD3F /* CFUnicodeDecomposition.c */,
				21902C4822B4D6560040BD3F /* CFPlugIn_PlugIn.c */,
				21902C4922B4D6560040BD3F /* CFPlugIn.c */,
			);
			path = "CF-1153.18";
			sourceTree = "<group>";
		};
		21902C1022B4D6560040BD3F /* Examples */ = {
			isa = PBXGroup;
			children = (
				21902C1122B4D6560040BD3F /* plconvert.c */,
			);
			path = Examples;
			sourceTree = "<group>";
		};
/* End PBXGroup section */

/* Begin PBXNativeTarget section */
		21902B8822B4C37A0040BD3F /* RunLoop */ = {
			isa = PBXNativeTarget;
			buildConfigurationList = 21902B9F22B4C37C0040BD3F /* Build configuration list for PBXNativeTarget "RunLoop" */;
			buildPhases = (
				21902B8522B4C37A0040BD3F /* Sources */,
				21902B8622B4C37A0040BD3F /* Frameworks */,
				21902B8722B4C37A0040BD3F /* Resources */,
			);
			buildRules = (
			);
			dependencies = (
			);
			name = RunLoop;
			productName = RunLoop;
			productReference = 21902B8922B4C37A0040BD3F /* RunLoop.app */;
			productType = "com.apple.product-type.application";
		};
/* End PBXNativeTarget section */

/* Begin PBXProject section */
		21902B8122B4C37A0040BD3F /* Project object */ = {
			isa = PBXProject;
			attributes = {
				LastUpgradeCheck = 1020;
				ORGANIZATIONNAME = yongzhen;
				TargetAttributes = {
					21902B8822B4C37A0040BD3F = {
						CreatedOnToolsVersion = 10.2.1;
					};
				};
			};
			buildConfigurationList = 21902B8422B4C37A0040BD3F /* Build configuration list for PBXProject "RunLoop" */;
			compatibilityVersion = "Xcode 9.3";
			developmentRegion = en;
			hasScannedForEncodings = 0;
			knownRegions = (
				en,
				Base,
			);
			mainGroup = 21902B8022B4C37A0040BD3F;
			productRefGroup = 21902B8A22B4C37A0040BD3F /* Products */;
			projectDirPath = "";
			projectRoot = "";
			targets = (
				21902B8822B4C37A0040BD3F /* RunLoop */,
			);
		};
/* End PBXProject section */

/* Begin PBXResourcesBuildPhase section */
		21902B8722B4C37A0040BD3F /* Resources */ = {
			isa = PBXResourcesBuildPhase;
			buildActionMask = 2147483647;
			files = (
				21902B9922B4C37C0040BD3F /* LaunchScreen.storyboard in Resources */,
				21902B9622B4C37C0040BD3F /* Assets.xcassets in Resources */,
				21902B9422B4C37A0040BD3F /* Main.storyboard in Resources */,
			);
			runOnlyForDeploymentPostprocessing = 0;
		};
/* End PBXResourcesBuildPhase section */

/* Begin PBXSourcesBuildPhase section */
		21902B8522B4C37A0040BD3F /* Sources */ = {
			isa = PBXSourcesBuildPhase;
			buildActionMask = 2147483647;
			files = (
				21902B9122B4C37A0040BD3F /* ViewController.m in Sources */,
				21902B9C22B4C37C0040BD3F /* main.m in Sources */,
				21902B8E22B4C37A0040BD3F /* AppDelegate.m in Sources */,
			);
			runOnlyForDeploymentPostprocessing = 0;
		};
/* End PBXSourcesBuildPhase section */

/* Begin PBXVariantGroup section */
		21902B9222B4C37A0040BD3F /* Main.storyboard */ = {
			isa = PBXVariantGroup;
			children = (
				21902B9322B4C37A0040BD3F /* Base */,
			);
			name = Main.storyboard;
			sourceTree = "<group>";
		};
		21902B9722B4C37C0040BD3F /* LaunchScreen.storyboard */ = {
			isa = PBXVariantGroup;
			children = (
				21902B9822B4C37C0040BD3F /* Base */,
			);
			name = LaunchScreen.storyboard;
			sourceTree = "<group>";
		};
/* End PBXVariantGroup section */

/* Begin XCBuildConfiguration section */
		21902B9D22B4C37C0040BD3F /* Debug */ = {
			isa = XCBuildConfiguration;
			buildSettings = {
				ALWAYS_SEARCH_USER_PATHS = NO;
				CLANG_ANALYZER_NONNULL = YES;
				CLANG_ANALYZER_NUMBER_OBJECT_CONVERSION = YES_AGGRESSIVE;
				CLANG_CXX_LANGUAGE_STANDARD = "gnu++14";
				CLANG_CXX_LIBRARY = "libc++";
				CLANG_ENABLE_MODULES = YES;
				CLANG_ENABLE_OBJC_ARC = YES;
				CLANG_ENABLE_OBJC_WEAK = YES;
				CLANG_WARN_BLOCK_CAPTURE_AUTORELEASING = YES;
				CLANG_WARN_BOOL_CONVERSION = YES;
				CLANG_WARN_COMMA = YES;
				CLANG_WARN_CONSTANT_CONVERSION = YES;
				CLANG_WARN_DEPRECATED_OBJC_IMPLEMENTATIONS = YES;
				CLANG_WARN_DIRECT_OBJC_ISA_USAGE = YES_ERROR;
				CLANG_WARN_DOCUMENTATION_COMMENTS = YES;
				CLANG_WARN_EMPTY_BODY = YES;
				CLANG_WARN_ENUM_CONVERSION = YES;
				CLANG_WARN_INFINITE_RECURSION = YES;
				CLANG_WARN_INT_CONVERSION = YES;
				CLANG_WARN_NON_LITERAL_NULL_CONVERSION = YES;
				CLANG_WARN_OBJC_IMPLICIT_RETAIN_SELF = YES;
				CLANG_WARN_OBJC_LITERAL_CONVERSION = YES;
				CLANG_WARN_OBJC_ROOT_CLASS = YES_ERROR;
				CLANG_WARN_RANGE_LOOP_ANALYSIS = YES;
				CLANG_WARN_STRICT_PROTOTYPES = YES;
				CLANG_WARN_SUSPICIOUS_MOVE = YES;
				CLANG_WARN_UNGUARDED_AVAILABILITY = YES_AGGRESSIVE;
				CLANG_WARN_UNREACHABLE_CODE = YES;
				CLANG_WARN__DUPLICATE_METHOD_MATCH = YES;
				CODE_SIGN_IDENTITY = "iPhone Developer";
				COPY_PHASE_STRIP = NO;
				DEBUG_INFORMATION_FORMAT = dwarf;
				ENABLE_STRICT_OBJC_MSGSEND = YES;
				ENABLE_TESTABILITY = YES;
				GCC_C_LANGUAGE_STANDARD = gnu11;
				GCC_DYNAMIC_NO_PIC = NO;
				GCC_NO_COMMON_BLOCKS = YES;
				GCC_OPTIMIZATION_LEVEL = 0;
				GCC_PREPROCESSOR_DEFINITIONS = (
					"DEBUG=1",
					"$(inherited)",
				);
				GCC_WARN_64_TO_32_BIT_CONVERSION = YES;
				GCC_WARN_ABOUT_RETURN_TYPE = YES_ERROR;
				GCC_WARN_UNDECLARED_SELECTOR = YES;
				GCC_WARN_UNINITIALIZED_AUTOS = YES_AGGRESSIVE;
				GCC_WARN_UNUSED_FUNCTION = YES;
				GCC_WARN_UNUSED_VARIABLE = YES;
				IPHONEOS_DEPLOYMENT_TARGET = 12.2;
				MTL_ENABLE_DEBUG_INFO = INCLUDE_SOURCE;
				MTL_FAST_MATH = YES;
				ONLY_ACTIVE_ARCH = YES;
				SDKROOT = iphoneos;
			};
			name = Debug;
		};
		21902B9E22B4C37C0040BD3F /* Release */ = {
			isa = XCBuildConfiguration;
			buildSettings = {
				ALWAYS_SEARCH_USER_PATHS = NO;
				CLANG_ANALYZER_NONNULL = YES;
				CLANG_ANALYZER_NUMBER_OBJECT_CONVERSION = YES_AGGRESSIVE;
				CLANG_CXX_LANGUAGE_STANDARD = "gnu++14";
				CLANG_CXX_LIBRARY = "libc++";
				CLANG_ENABLE_MODULES = YES;
				CLANG_ENABLE_OBJC_ARC = YES;
				CLANG_ENABLE_OBJC_WEAK = YES;
				CLANG_WARN_BLOCK_CAPTURE_AUTORELEASING = YES;
				CLANG_WARN_BOOL_CONVERSION = YES;
				CLANG_WARN_COMMA = YES;
				CLANG_WARN_CONSTANT_CONVERSION = YES;
				CLANG_WARN_DEPRECATED_OBJC_IMPLEMENTATIONS = YES;
				CLANG_WARN_DIRECT_OBJC_ISA_USAGE = YES_ERROR;
				CLANG_WARN_DOCUMENTATION_COMMENTS = YES;
				CLANG_WARN_EMPTY_BODY = YES;
				CLANG_WARN_ENUM_CONVERSION = YES;
				CLANG_WARN_INFINITE_RECURSION = YES;
				CLANG_WARN_INT_CONVERSION = YES;
				CLANG_WARN_NON_LITERAL_NULL_CONVERSION = YES;
				CLANG_WARN_OBJC_IMPLICIT_RETAIN_SELF = YES;
				CLANG_WARN_OBJC_LITERAL_CONVERSION = YES;
				CLANG_WARN_OBJC_ROOT_CLASS = YES_ERROR;
				CLANG_WARN_RANGE_LOOP_ANALYSIS = YES;
				CLANG_WARN_STRICT_PROTOTYPES = YES;
				CLANG_WARN_SUSPICIOUS_MOVE = YES;
				CLANG_WARN_UNGUARDED_AVAILABILITY = YES_AGGRESSIVE;
				CLANG_WARN_UNREACHABLE_CODE = YES;
				CLANG_WARN__DUPLICATE_METHOD_MATCH = YES;
				CODE_SIGN_IDENTITY = "iPhone Developer";
				COPY_PHASE_STRIP = NO;
				DEBUG_INFORMATION_FORMAT = "dwarf-with-dsym";
				ENABLE_NS_ASSERTIONS = NO;
				ENABLE_STRICT_OBJC_MSGSEND = YES;
				GCC_C_LANGUAGE_STANDARD = gnu11;
				GCC_NO_COMMON_BLOCKS = YES;
				GCC_WARN_64_TO_32_BIT_CONVERSION = YES;
				GCC_WARN_ABOUT_RETURN_TYPE = YES_ERROR;
				GCC_WARN_UNDECLARED_SELECTOR = YES;
				GCC_WARN_UNINITIALIZED_AUTOS = YES_AGGRESSIVE;
				GCC_WARN_UNUSED_FUNCTION = YES;
				GCC_WARN_UNUSED_VARIABLE = YES;
				IPHONEOS_DEPLOYMENT_TARGET = 12.2;
				MTL_ENABLE_DEBUG_INFO = NO;
				MTL_FAST_MATH = YES;
				SDKROOT = iphoneos;
				VALIDATE_PRODUCT = YES;
			};
			name = Release;
		};
		21902BA022B4C37C0040BD3F /* Debug */ = {
			isa = XCBuildConfiguration;
			buildSettings = {
				ASSETCATALOG_COMPILER_APPICON_NAME = AppIcon;
				CODE_SIGN_STYLE = Automatic;
				DEVELOPMENT_TEAM = "";
				INFOPLIST_FILE = RunLoop/Info.plist;
				LD_RUNPATH_SEARCH_PATHS = (
					"$(inherited)",
					"@executable_path/Frameworks",
				);
				PRODUCT_BUNDLE_IDENTIFIER = yongzhenyin.RunLoop;
				PRODUCT_NAME = "$(TARGET_NAME)";
				TARGETED_DEVICE_FAMILY = "1,2";
			};
			name = Debug;
		};
		21902BA122B4C37C0040BD3F /* Release */ = {
			isa = XCBuildConfiguration;
			buildSettings = {
				ASSETCATALOG_COMPILER_APPICON_NAME = AppIcon;
				CODE_SIGN_STYLE = Automatic;
				DEVELOPMENT_TEAM = "";
				INFOPLIST_FILE = RunLoop/Info.plist;
				LD_RUNPATH_SEARCH_PATHS = (
					"$(inherited)",
					"@executable_path/Frameworks",
				);
				PRODUCT_BUNDLE_IDENTIFIER = yongzhenyin.RunLoop;
				PRODUCT_NAME = "$(TARGET_NAME)";
				TARGETED_DEVICE_FAMILY = "1,2";
			};
			name = Release;
		};
/* End XCBuildConfiguration section */

/* Begin XCConfigurationList section */
		21902B8422B4C37A0040BD3F /* Build configuration list for PBXProject "RunLoop" */ = {
			isa = XCConfigurationList;
			buildConfigurations = (
				21902B9D22B4C37C0040BD3F /* Debug */,
				21902B9E22B4C37C0040BD3F /* Release */,
			);
			defaultConfigurationIsVisible = 0;
			defaultConfigurationName = Release;
		};
		21902B9F22B4C37C0040BD3F /* Build configuration list for PBXNativeTarget "RunLoop" */ = {
			isa = XCConfigurationList;
			buildConfigurations = (
				21902BA022B4C37C0040BD3F /* Debug */,
				21902BA122B4C37C0040BD3F /* Release */,
			);
			defaultConfigurationIsVisible = 0;
			defaultConfigurationName = Release;
		};
/* End XCConfigurationList section */
	};
	rootObject = 21902B8122B4C37A0040BD3F /* Project object */;
}
