// !$*UTF8*$!
{
	archiveVersion = 1;
	classes = {
	};
	objectVersion = 50;
	objects = {

/* Begin PBXBuildFile section */
		210FF6CE22B8A1EF0086F89C /* AppDelegate.m in Sources */ = {isa = PBXBuildFile; fileRef = 210FF6CD22B8A1EF0086F89C /* AppDelegate.m */; };
		210FF6D122B8A1EF0086F89C /* ViewController.m in Sources */ = {isa = PBXBuildFile; fileRef = 210FF6D022B8A1EF0086F89C /* ViewController.m */; };
		210FF6D422B8A1EF0086F89C /* Main.storyboard in Resources */ = {isa = PBXBuildFile; fileRef = 210FF6D222B8A1EF0086F89C /* Main.storyboard */; };
		210FF6D622B8A1F20086F89C /* Assets.xcassets in Resources */ = {isa = PBXBuildFile; fileRef = 210FF6D522B8A1F20086F89C /* Assets.xcassets */; };
		210FF6D922B8A1F20086F89C /* LaunchScreen.storyboard in Resources */ = {isa = PBXBuildFile; fileRef = 210FF6D722B8A1F20086F89C /* LaunchScreen.storyboard */; };
		210FF6DC22B8A1F20086F89C /* main.m in Sources */ = {isa = PBXBuildFile; fileRef = 210FF6DB22B8A1F20086F89C /* main.m */; };
		210FF6E722B8A2120086F89C /* YZCallStack.m in Sources */ = {isa = PBXBuildFile; fileRef = 210FF6E322B8A2120086F89C /* YZCallStack.m */; };
		210FF6E822B8A2120086F89C /* YZMonitorRunloop.m in Sources */ = {isa = PBXBuildFile; fileRef = 210FF6E422B8A2120086F89C /* YZMonitorRunloop.m */; };
/* End PBXBuildFile section */

/* Begin PBXFileReference section */
		210FF6C922B8A1EF0086F89C /* YZMonitorRunLoopDemo.app */ = {isa = PBXFileReference; explicitFileType = wrapper.application; includeInIndex = 0; path = YZMonitorRunLoopDemo.app; sourceTree = BUILT_PRODUCTS_DIR; };
		210FF6CC22B8A1EF0086F89C /* AppDelegate.h */ = {isa = PBXFileReference; lastKnownFileType = sourcecode.c.h; path = AppDelegate.h; sourceTree = "<group>"; };
		210FF6CD22B8A1EF0086F89C /* AppDelegate.m */ = {isa = PBXFileReference; lastKnownFileType = sourcecode.c.objc; path = AppDelegate.m; sourceTree = "<group>"; };
		210FF6CF22B8A1EF0086F89C /* ViewController.h */ = {isa = PBXFileReference; lastKnownFileType = sourcecode.c.h; path = ViewController.h; sourceTree = "<group>"; };
		210FF6D022B8A1EF0086F89C /* ViewController.m */ = {isa = PBXFileReference; lastKnownFileType = sourcecode.c.objc; path = ViewController.m; sourceTree = "<group>"; };
		210FF6D322B8A1EF0086F89C /* Base */ = {isa = PBXFileReference; lastKnownFileType = file.storyboard; name = Base; path = Base.lproj/Main.storyboard; sourceTree = "<group>"; };
		210FF6D522B8A1F20086F89C /* Assets.xcassets */ = {isa = PBXFileReference; lastKnownFileType = folder.assetcatalog; path = Assets.xcassets; sourceTree = "<group>"; };
		210FF6D822B8A1F20086F89C /* Base */ = {isa = PBXFileReference; lastKnownFileType = file.storyboard; name = Base; path = Base.lproj/LaunchScreen.storyboard; sourceTree = "<group>"; };
		210FF6DA22B8A1F20086F89C /* Info.plist */ = {isa = PBXFileReference; lastKnownFileType = text.plist.xml; path = Info.plist; sourceTree = "<group>"; };
		210FF6DB22B8A1F20086F89C /* main.m */ = {isa = PBXFileReference; lastKnownFileType = sourcecode.c.objc; path = main.m; sourceTree = "<group>"; };
		210FF6E322B8A2120086F89C /* YZCallStack.m */ = {isa = PBXFileReference; fileEncoding = 4; lastKnownFileType = sourcecode.c.objc; path = YZCallStack.m; sourceTree = "<group>"; };
		210FF6E422B8A2120086F89C /* YZMonitorRunloop.m */ = {isa = PBXFileReference; fileEncoding = 4; lastKnownFileType = sourcecode.c.objc; path = YZMonitorRunloop.m; sourceTree = "<group>"; };
		210FF6E522B8A2120086F89C /* YZCallStack.h */ = {isa = PBXFileReference; fileEncoding = 4; lastKnownFileType = sourcecode.c.h; path = YZCallStack.h; sourceTree = "<group>"; };
		210FF6E622B8A2120086F89C /* YZMonitorRunloop.h */ = {isa = PBXFileReference; fileEncoding = 4; lastKnownFileType = sourcecode.c.h; path = YZMonitorRunloop.h; sourceTree = "<group>"; };
/* End PBXFileReference section */

/* Begin PBXFrameworksBuildPhase section */
		210FF6C622B8A1EF0086F89C /* Frameworks */ = {
			isa = PBXFrameworksBuildPhase;
			buildActionMask = 2147483647;
			files = (
			);
			runOnlyForDeploymentPostprocessing = 0;
		};
/* End PBXFrameworksBuildPhase section */

/* Begin PBXGroup section */
		210FF6C022B8A1EF0086F89C = {
			isa = PBXGroup;
			children = (
				210FF6CB22B8A1EF0086F89C /* YZMonitorRunLoopDemo */,
				210FF6CA22B8A1EF0086F89C /* Products */,
			);
			sourceTree = "<group>";
		};
		210FF6CA22B8A1EF0086F89C /* Products */ = {
			isa = PBXGroup;
			children = (
				210FF6C922B8A1EF0086F89C /* YZMonitorRunLoopDemo.app */,
			);
			name = Products;
			sourceTree = "<group>";
		};
		210FF6CB22B8A1EF0086F89C /* YZMonitorRunLoopDemo */ = {
			isa = PBXGroup;
			children = (
				210FF6E222B8A2120086F89C /* MonitorRunLoop */,
				210FF6CC22B8A1EF0086F89C /* AppDelegate.h */,
				210FF6CD22B8A1EF0086F89C /* AppDelegate.m */,
				210FF6CF22B8A1EF0086F89C /* ViewController.h */,
				210FF6D022B8A1EF0086F89C /* ViewController.m */,
				210FF6D222B8A1EF0086F89C /* Main.storyboard */,
				210FF6D522B8A1F20086F89C /* Assets.xcassets */,
				210FF6D722B8A1F20086F89C /* LaunchScreen.storyboard */,
				210FF6DA22B8A1F20086F89C /* Info.plist */,
				210FF6DB22B8A1F20086F89C /* main.m */,
			);
			path = YZMonitorRunLoopDemo;
			sourceTree = "<group>";
		};
		210FF6E222B8A2120086F89C /* MonitorRunLoop */ = {
			isa = PBXGroup;
			children = (
				210FF6E522B8A2120086F89C /* YZCallStack.h */,
				210FF6E322B8A2120086F89C /* YZCallStack.m */,
				210FF6E622B8A2120086F89C /* YZMonitorRunloop.h */,
				210FF6E422B8A2120086F89C /* YZMonitorRunloop.m */,
			);
			path = MonitorRunLoop;
			sourceTree = "<group>";
		};
/* End PBXGroup section */

/* Begin PBXNativeTarget section */
		210FF6C822B8A1EF0086F89C /* YZMonitorRunLoopDemo */ = {
			isa = PBXNativeTarget;
			buildConfigurationList = 210FF6DF22B8A1F20086F89C /* Build configuration list for PBXNativeTarget "YZMonitorRunLoopDemo" */;
			buildPhases = (
				210FF6C522B8A1EF0086F89C /* Sources */,
				210FF6C622B8A1EF0086F89C /* Frameworks */,
				210FF6C722B8A1EF0086F89C /* Resources */,
			);
			buildRules = (
			);
			dependencies = (
			);
			name = YZMonitorRunLoopDemo;
			productName = YZMonitorRunLoopDemo;
			productReference = 210FF6C922B8A1EF0086F89C /* YZMonitorRunLoopDemo.app */;
			productType = "com.apple.product-type.application";
		};
/* End PBXNativeTarget section */

/* Begin PBXProject section */
		210FF6C122B8A1EF0086F89C /* Project object */ = {
			isa = PBXProject;
			attributes = {
				LastUpgradeCheck = 1020;
				ORGANIZATIONNAME = yongzhen;
				TargetAttributes = {
					210FF6C822B8A1EF0086F89C = {
						CreatedOnToolsVersion = 10.2.1;
					};
				};
			};
			buildConfigurationList = 210FF6C422B8A1EF0086F89C /* Build configuration list for PBXProject "YZMonitorRunLoopDemo" */;
			compatibilityVersion = "Xcode 9.3";
			developmentRegion = en;
			hasScannedForEncodings = 0;
			knownRegions = (
				en,
				Base,
			);
			mainGroup = 210FF6C022B8A1EF0086F89C;
			productRefGroup = 210FF6CA22B8A1EF0086F89C /* Products */;
			projectDirPath = "";
			projectRoot = "";
			targets = (
				210FF6C822B8A1EF0086F89C /* YZMonitorRunLoopDemo */,
			);
		};
/* End PBXProject section */

/* Begin PBXResourcesBuildPhase section */
		210FF6C722B8A1EF0086F89C /* Resources */ = {
			isa = PBXResourcesBuildPhase;
			buildActionMask = 2147483647;
			files = (
				210FF6D922B8A1F20086F89C /* LaunchScreen.storyboard in Resources */,
				210FF6D622B8A1F20086F89C /* Assets.xcassets in Resources */,
				210FF6D422B8A1EF0086F89C /* Main.storyboard in Resources */,
			);
			runOnlyForDeploymentPostprocessing = 0;
		};
/* End PBXResourcesBuildPhase section */

/* Begin PBXSourcesBuildPhase section */
		210FF6C522B8A1EF0086F89C /* Sources */ = {
			isa = PBXSourcesBuildPhase;
			buildActionMask = 2147483647;
			files = (
				210FF6D122B8A1EF0086F89C /* ViewController.m in Sources */,
				210FF6E722B8A2120086F89C /* YZCallStack.m in Sources */,
				210FF6DC22B8A1F20086F89C /* main.m in Sources */,
				210FF6CE22B8A1EF0086F89C /* AppDelegate.m in Sources */,
				210FF6E822B8A2120086F89C /* YZMonitorRunloop.m in Sources */,
			);
			runOnlyForDeploymentPostprocessing = 0;
		};
/* End PBXSourcesBuildPhase section */

/* Begin PBXVariantGroup section */
		210FF6D222B8A1EF0086F89C /* Main.storyboard */ = {
			isa = PBXVariantGroup;
			children = (
				210FF6D322B8A1EF0086F89C /* Base */,
			);
			name = Main.storyboard;
			sourceTree = "<group>";
		};
		210FF6D722B8A1F20086F89C /* LaunchScreen.storyboard */ = {
			isa = PBXVariantGroup;
			children = (
				210FF6D822B8A1F20086F89C /* Base */,
			);
			name = LaunchScreen.storyboard;
			sourceTree = "<group>";
		};
/* End PBXVariantGroup section */

/* Begin XCBuildConfiguration section */
		210FF6DD22B8A1F20086F89C /* Debug */ = {
			isa = XCBuildConfiguration;
			buildSettings = {
				ALWAYS_SEARCH_USER_PATHS = NO;
				CLANG_ANALYZER_NONNULL = YES;
				CLANG_ANALYZER_NUMBER_OBJECT_CONVERSION = YES_AGGRESSIVE;
				CLANG_CXX_LANGUAGE_STANDARD = "gnu++14";
				CLANG_CXX_LIBRARY = "libc++";
				CLANG_ENABLE_MODULES = YES;
				CLANG_ENABLE_OBJC_ARC = YES;
				CLANG_ENABLE_OBJC_WEAK = YES;
				CLANG_WARN_BLOCK_CAPTURE_AUTORELEASING = YES;
				CLANG_WARN_BOOL_CONVERSION = YES;
				CLANG_WARN_COMMA = YES;
				CLANG_WARN_CONSTANT_CONVERSION = YES;
				CLANG_WARN_DEPRECATED_OBJC_IMPLEMENTATIONS = YES;
				CLANG_WARN_DIRECT_OBJC_ISA_USAGE = YES_ERROR;
				CLANG_WARN_DOCUMENTATION_COMMENTS = YES;
				CLANG_WARN_EMPTY_BODY = YES;
				CLANG_WARN_ENUM_CONVERSION = YES;
				CLANG_WARN_INFINITE_RECURSION = YES;
				CLANG_WARN_INT_CONVERSION = YES;
				CLANG_WARN_NON_LITERAL_NULL_CONVERSION = YES;
				CLANG_WARN_OBJC_IMPLICIT_RETAIN_SELF = YES;
				CLANG_WARN_OBJC_LITERAL_CONVERSION = YES;
				CLANG_WARN_OBJC_ROOT_CLASS = YES_ERROR;
				CLANG_WARN_RANGE_LOOP_ANALYSIS = YES;
				CLANG_WARN_STRICT_PROTOTYPES = YES;
				CLANG_WARN_SUSPICIOUS_MOVE = YES;
				CLANG_WARN_UNGUARDED_AVAILABILITY = YES_AGGRESSIVE;
				CLANG_WARN_UNREACHABLE_CODE = YES;
				CLANG_WARN__DUPLICATE_METHOD_MATCH = YES;
				CODE_SIGN_IDENTITY = "iPhone Developer";
				COPY_PHASE_STRIP = NO;
				DEBUG_INFORMATION_FORMAT = dwarf;
				ENABLE_STRICT_OBJC_MSGSEND = YES;
				ENABLE_TESTABILITY = YES;
				GCC_C_LANGUAGE_STANDARD = gnu11;
				GCC_DYNAMIC_NO_PIC = NO;
				GCC_NO_COMMON_BLOCKS = YES;
				GCC_OPTIMIZATION_LEVEL = 0;
				GCC_PREPROCESSOR_DEFINITIONS = (
					"DEBUG=1",
					"$(inherited)",
				);
				GCC_WARN_64_TO_32_BIT_CONVERSION = YES;
				GCC_WARN_ABOUT_RETURN_TYPE = YES_ERROR;
				GCC_WARN_UNDECLARED_SELECTOR = YES;
				GCC_WARN_UNINITIALIZED_AUTOS = YES_AGGRESSIVE;
				GCC_WARN_UNUSED_FUNCTION = YES;
				GCC_WARN_UNUSED_VARIABLE = YES;
				IPHONEOS_DEPLOYMENT_TARGET = 12.2;
				MTL_ENABLE_DEBUG_INFO = INCLUDE_SOURCE;
				MTL_FAST_MATH = YES;
				ONLY_ACTIVE_ARCH = YES;
				SDKROOT = iphoneos;
			};
			name = Debug;
		};
		210FF6DE22B8A1F20086F89C /* Release */ = {
			isa = XCBuildConfiguration;
			buildSettings = {
				ALWAYS_SEARCH_USER_PATHS = NO;
				CLANG_ANALYZER_NONNULL = YES;
				CLANG_ANALYZER_NUMBER_OBJECT_CONVERSION = YES_AGGRESSIVE;
				CLANG_CXX_LANGUAGE_STANDARD = "gnu++14";
				CLANG_CXX_LIBRARY = "libc++";
				CLANG_ENABLE_MODULES = YES;
				CLANG_ENABLE_OBJC_ARC = YES;
				CLANG_ENABLE_OBJC_WEAK = YES;
				CLANG_WARN_BLOCK_CAPTURE_AUTORELEASING = YES;
				CLANG_WARN_BOOL_CONVERSION = YES;
				CLANG_WARN_COMMA = YES;
				CLANG_WARN_CONSTANT_CONVERSION = YES;
				CLANG_WARN_DEPRECATED_OBJC_IMPLEMENTATIONS = YES;
				CLANG_WARN_DIRECT_OBJC_ISA_USAGE = YES_ERROR;
				CLANG_WARN_DOCUMENTATION_COMMENTS = YES;
				CLANG_WARN_EMPTY_BODY = YES;
				CLANG_WARN_ENUM_CONVERSION = YES;
				CLANG_WARN_INFINITE_RECURSION = YES;
				CLANG_WARN_INT_CONVERSION = YES;
				CLANG_WARN_NON_LITERAL_NULL_CONVERSION = YES;
				CLANG_WARN_OBJC_IMPLICIT_RETAIN_SELF = YES;
				CLANG_WARN_OBJC_LITERAL_CONVERSION = YES;
				CLANG_WARN_OBJC_ROOT_CLASS = YES_ERROR;
				CLANG_WARN_RANGE_LOOP_ANALYSIS = YES;
				CLANG_WARN_STRICT_PROTOTYPES = YES;
				CLANG_WARN_SUSPICIOUS_MOVE = YES;
				CLANG_WARN_UNGUARDED_AVAILABILITY = YES_AGGRESSIVE;
				CLANG_WARN_UNREACHABLE_CODE = YES;
				CLANG_WARN__DUPLICATE_METHOD_MATCH = YES;
				CODE_SIGN_IDENTITY = "iPhone Developer";
				COPY_PHASE_STRIP = NO;
				DEBUG_INFORMATION_FORMAT = "dwarf-with-dsym";
				ENABLE_NS_ASSERTIONS = NO;
				ENABLE_STRICT_OBJC_MSGSEND = YES;
				GCC_C_LANGUAGE_STANDARD = gnu11;
				GCC_NO_COMMON_BLOCKS = YES;
				GCC_WARN_64_TO_32_BIT_CONVERSION = YES;
				GCC_WARN_ABOUT_RETURN_TYPE = YES_ERROR;
				GCC_WARN_UNDECLARED_SELECTOR = YES;
				GCC_WARN_UNINITIALIZED_AUTOS = YES_AGGRESSIVE;
				GCC_WARN_UNUSED_FUNCTION = YES;
				GCC_WARN_UNUSED_VARIABLE = YES;
				IPHONEOS_DEPLOYMENT_TARGET = 12.2;
				MTL_ENABLE_DEBUG_INFO = NO;
				MTL_FAST_MATH = YES;
				SDKROOT = iphoneos;
				VALIDATE_PRODUCT = YES;
			};
			name = Release;
		};
		210FF6E022B8A1F20086F89C /* Debug */ = {
			isa = XCBuildConfiguration;
			buildSettings = {
				ASSETCATALOG_COMPILER_APPICON_NAME = AppIcon;
				CODE_SIGN_STYLE = Automatic;
				DEVELOPMENT_TEAM = 4BW29X768A;
				INFOPLIST_FILE = YZMonitorRunLoopDemo/Info.plist;
				LD_RUNPATH_SEARCH_PATHS = (
					"$(inherited)",
					"@executable_path/Frameworks",
				);
				PRODUCT_BUNDLE_IDENTIFIER = yongzhenyin.YZMonitorRunLoopDemo;
				PRODUCT_NAME = "$(TARGET_NAME)";
				TARGETED_DEVICE_FAMILY = "1,2";
			};
			name = Debug;
		};
		210FF6E122B8A1F20086F89C /* Release */ = {
			isa = XCBuildConfiguration;
			buildSettings = {
				ASSETCATALOG_COMPILER_APPICON_NAME = AppIcon;
				CODE_SIGN_STYLE = Automatic;
				DEVELOPMENT_TEAM = 4BW29X768A;
				INFOPLIST_FILE = YZMonitorRunLoopDemo/Info.plist;
				LD_RUNPATH_SEARCH_PATHS = (
					"$(inherited)",
					"@executable_path/Frameworks",
				);
				PRODUCT_BUNDLE_IDENTIFIER = yongzhenyin.YZMonitorRunLoopDemo;
				PRODUCT_NAME = "$(TARGET_NAME)";
				TARGETED_DEVICE_FAMILY = "1,2";
			};
			name = Release;
		};
/* End XCBuildConfiguration section */

/* Begin XCConfigurationList section */
		210FF6C422B8A1EF0086F89C /* Build configuration list for PBXProject "YZMonitorRunLoopDemo" */ = {
			isa = XCConfigurationList;
			buildConfigurations = (
				210FF6DD22B8A1F20086F89C /* Debug */,
				210FF6DE22B8A1F20086F89C /* Release */,
			);
			defaultConfigurationIsVisible = 0;
			defaultConfigurationName = Release;
		};
		210FF6DF22B8A1F20086F89C /* Build configuration list for PBXNativeTarget "YZMonitorRunLoopDemo" */ = {
			isa = XCConfigurationList;
			buildConfigurations = (
				210FF6E022B8A1F20086F89C /* Debug */,
				210FF6E122B8A1F20086F89C /* Release */,
			);
			defaultConfigurationIsVisible = 0;
			defaultConfigurationName = Release;
		};
/* End XCConfigurationList section */
	};
	rootObject = 210FF6C122B8A1EF0086F89C /* Project object */;
}
